PODS:
  - Alamofire (4.8.2)
  - AutoInch (1.3.0)
  - CleanJSON (0.9.3)
  - CLImagePickerTool (3.0.7)
  - CryptoSwift (1.0.0)
  - DeviceKit (2.0.0)
  - Differentiator (4.0.1)
  - EmptyDataSet-Swift (4.2.0)
  - HandyJSON (5.0.0)
  - Hero (1.4.0)
  - Hue (5.0.0)
  - JXPhotoBrowser (2.2.3):
    - JXPhotoBrowser/Kingfisher (= 2.2.3)
  - JXPhotoBrowser/Core (2.2.3)
  - JXPhotoBrowser/Kingfisher (2.2.3):
    - JXPhotoBrowser/Core
    - Kingfisher
  - Kingfisher (5.7.0)
  - LYEmptyView (1.2.5)
  - MJRefresh (3.2.0)
  - Moya/Core (14.0.0-alpha.1):
    - Alamofire (~> 4.1)
    - Result (~> 4.1)
  - Moya/RxSwift (14.0.0-alpha.1):
    - Moya/Core
    - RxSwift (~> 5.0)
  - "NSObject+Rx (5.0.0)":
    - RxSwift (~> 5.0)
  - NVActivityIndicatorView (4.7.0):
    - NVActivityIndicatorView/Presenter (= 4.7.0)
  - NVActivityIndicatorView/Presenter (4.7.0)
  - ReachabilitySwift (4.3.1)
  - Result (4.1.0)
  - RxActivityIndicator (1.0.0):
    - RxCocoa (~> 5.0)
    - RxSwift (~> 5.0)
  - RxCocoa (5.0.0):
    - RxRelay (~> 5)
    - RxSwift (~> 5)
  - RxDataSources (4.0.1):
    - Differentiator (~> 4.0)
    - RxCocoa (~> 5.0)
    - RxSwift (~> 5.0)
  - RxNetwork (1.0.1-beta):
    - RxNetwork/Core (= 1.0.1-beta)
  - RxNetwork/Core (1.0.1-beta):
    - Moya/RxSwift (= 14.0.0-alpha.1)
  - RxReachability (1.0.0):
    - ReachabilitySwift (~> 4.3.1)
    - RxCocoa (~> 5)
    - RxSwift (~> 5)
  - RxRelay (5.0.0):
    - RxSwift (~> 5)
  - RxSwift (5.0.0)
  - RxSwiftExt (5.0.0):
    - RxSwiftExt/Core (= 5.0.0)
    - RxSwiftExt/RxCocoa (= 5.0.0)
  - RxSwiftExt/Core (5.0.0):
    - RxSwift (~> 5.0)
  - RxSwiftExt/RxCocoa (5.0.0):
    - RxCocoa (~> 5.0)
    - RxSwiftExt/Core
  - RxURLNavigator (2.0.0):
    - RxCocoa (~> 5.0)
    - RxSwift (~> 5.0)
    - URLNavigator
  - SnapKit (5.0.0)
  - SQLiteRepairKit (1.2.2):
    - WCDBOptimizedSQLCipher (~> 1.2.0)
  - SwiftDate (6.0.3)
  - SwiftLocation (4.0.2)
  - SwiftNotificationCenter (1.0.4)
  - SwiftTheme (0.4.4)
  - SwiftyAttributes (5.1.1)
  - SwiftyUserDefaults (4.0.0)
  - Then (2.5.0)
  - Tiercel (2.3.0)
  - TTGTagCollectionView (1.11.1)
  - TYCyclePagerView (1.2.0)
  - URLNavigator (2.2.0)
  - WCDB.swift (1.0.8.2):
    - SQLiteRepairKit (~> 1.2.0)
    - WCDBOptimizedSQLCipher (~> 1.2.0)
  - WCDBOptimizedSQLCipher (1.2.1)
  - WMPageController (2.5.2)

DEPENDENCIES:
  - AutoInch
  - CleanJSON
  - CLImagePickerTool
  - CryptoSwift
  - DeviceKit
  - EmptyDataSet-Swift
  - HandyJSON
  - Hero
  - Hue
  - JXPhotoBrowser
  - LYEmptyView
  - MJRefresh
  - "NSObject+Rx"
  - NVActivityIndicatorView
  - RxActivityIndicator
  - RxCocoa
  - RxDataSources
  - RxNetwork (~> 1.0.1-beta)
  - RxReachability
  - RxSwiftExt
  - RxURLNavigator
  - SnapKit
  - SwiftDate
  - SwiftLocation
  - SwiftNotificationCenter
  - SwiftTheme
  - SwiftyAttributes
  - SwiftyUserDefaults
  - Then
  - Tiercel
  - TTGTagCollectionView
  - TYCyclePagerView
  - WCDB.swift
  - WMPageController

SPEC REPOS:
  https://github.com/cocoapods/specs.git:
    - Alamofire
    - AutoInch
    - CleanJSON
    - CLImagePickerTool
    - CryptoSwift
    - DeviceKit
    - Differentiator
    - EmptyDataSet-Swift
    - HandyJSON
    - Hero
    - Hue
    - JXPhotoBrowser
    - Kingfisher
    - LYEmptyView
    - MJRefresh
    - Moya
    - "NSObject+Rx"
    - NVActivityIndicatorView
    - ReachabilitySwift
    - Result
    - RxActivityIndicator
    - RxCocoa
    - RxDataSources
    - RxNetwork
    - RxReachability
    - RxRelay
    - RxSwift
    - RxSwiftExt
    - RxURLNavigator
    - SnapKit
    - SQLiteRepairKit
    - SwiftDate
    - SwiftLocation
    - SwiftNotificationCenter
    - SwiftTheme
    - SwiftyAttributes
    - SwiftyUserDefaults
    - Then
    - Tiercel
    - TTGTagCollectionView
    - TYCyclePagerView
    - URLNavigator
    - WCDB.swift
    - WCDBOptimizedSQLCipher
    - WMPageController

SPEC CHECKSUMS:
  Alamofire: ae5c501addb7afdbb13687d7f2f722c78734c2d3
  AutoInch: f7094b49484fdffb3e74db738d501896323a1306
  CleanJSON: e7e3950845b522326790ae0b114bc98102a33456
  CLImagePickerTool: 159e05efccd13dc86c6f762fa4751270501d109d
  CryptoSwift: d81eeaa59dc5a8d03720fe919a6fd07b51f7439f
  DeviceKit: 72d36709552d4b3582abd76a53949148acad9811
  Differentiator: 886080237d9f87f322641dedbc5be257061b0602
  EmptyDataSet-Swift: 1fa0b35f530a35f852ecb2b53564728b0c300aaf
  HandyJSON: 992f2d661716d6a91de82d0056927bc7813b5770
  Hero: bac92350d7201a1a940003e0767c7b52ce7c99a1
  Hue: c129cb67be7d093a82bbbc30ce8a96757bf6f37a
  JXPhotoBrowser: 44657e0dc05a710c6ea86a8b4686badd760760f7
  Kingfisher: c7d211b54f1f30d8060aadab177d52b4349c825b
  LYEmptyView: b17adfc2dd9ad2988ecaf7c9606efa916e24c767
  MJRefresh: ed450d6eb9d3346a2cb033ab7eb6de090aeef437
  Moya: 65485239114b3b327a17dc2e839f6c8b7143aae9
  "NSObject+Rx": 6151a97d171f7187c4183746acc42d9451952a7b
  NVActivityIndicatorView: b19ddab2576f805cbe0fb2306cba3476e09a1dea
  ReachabilitySwift: 4032e2f59586e11e3b0ebe15b167abdd587a388b
  Result: bd966fac789cc6c1563440b348ab2598cc24d5c7
  RxActivityIndicator: b337e29a8399d4c8dc250defaf5874221d9bd27e
  RxCocoa: fcf32050ac00d801f34a7f71d5e8e7f23026dcd8
  RxDataSources: efee07fa4de48477eca0a4611e6d11e2da9c1114
  RxNetwork: 80a230396df4d9262513d49095600ab895bcf764
  RxReachability: 21d3e96f39bc166a21c357e923f47dec148ca97b
  RxRelay: 4f7409406a51a55cd88483f21ed898c234d60f18
  RxSwift: 8b0671caa829a763bbce7271095859121cbd895f
  RxSwiftExt: 4564187392cc53823ef241fa4a11647861567026
  RxURLNavigator: 0f572321e73d71b4e7b483238be138a800023475
  SnapKit: fd22d10eb9aff484d79a8724eab922c1ddf89bcf
  SQLiteRepairKit: 35aaae5a8838adb85f5b1eb4d796055be6060a4b
  SwiftDate: 8d4f14bf1ef68e95094511504856547bf9e3e1a6
  SwiftLocation: 4f030832331a21abaa4e0c5189d0f80ab8d3e377
  SwiftNotificationCenter: 760386da2ce03d3594cb5e96d1e22ec80b44b46f
  SwiftTheme: a381f983da92153908b7a9eeb961b18b6d94d614
  SwiftyAttributes: e3e13891ddac3c62b3d7798d5c3969cea88e62bb
  SwiftyUserDefaults: 6a1951df1daa19337862b677dd9a4b9bd4c288cd
  Then: 0157115e883545c77967b452fe74a1d25fb796e1
  Tiercel: 87c75f90ec3152ee2a278591b41f606b383af2af
  TTGTagCollectionView: 86fcbfa6a7493c9e860b01c2e693cffc8acf6de1
  TYCyclePagerView: 2b051dade0615c70784aa34f40c646feeddb7344
  URLNavigator: 0bffc3efdeb2d97f7b5eec7ac82d290f4a099431
  WCDB.swift: 05d509d7a0e60fb6e11c34eb7e4027c0fab5849f
  WCDBOptimizedSQLCipher: baf44493b0c7a3d49e97bc5b64a3856f6428ddd1
  WMPageController: 0c7624d2b48e4f1ab92371688cf6744ed701575d

PODFILE CHECKSUM: 9a888ced8844b369421ba0e5e3101be1a90ec679

COCOAPODS: 1.7.5
