// !$*UTF8*$!
{
	archiveVersion = 1;
	classes = {
	};
	objectVersion = 50;
	objects = {

/* Begin PBXBuildFile section */
		18FECEB122CDD67C00F95794 /* AppDelegate.swift in Sources */ = {isa = PBXBuildFile; fileRef = 18FECEB022CDD67C00F95794 /* AppDelegate.swift */; };
		18FECEB322CDD67C00F95794 /* ViewController.swift in Sources */ = {isa = PBXBuildFile; fileRef = 18FECEB222CDD67C00F95794 /* ViewController.swift */; };
		18FECEB622CDD67C00F95794 /* Main.storyboard in Resources */ = {isa = PBXBuildFile; fileRef = 18FECEB422CDD67C00F95794 /* Main.storyboard */; };
		18FECEB822CDD67D00F95794 /* Assets.xcassets in Resources */ = {isa = PBXBuildFile; fileRef = 18FECEB722CDD67D00F95794 /* Assets.xcassets */; };
		18FECEBB22CDD67D00F95794 /* LaunchScreen.storyboard in Resources */ = {isa = PBXBuildFile; fileRef = 18FECEB922CDD67D00F95794 /* LaunchScreen.storyboard */; };
		18FECEC622CDD67D00F95794 /* FloralTests.swift in Sources */ = {isa = PBXBuildFile; fileRef = 18FECEC522CDD67D00F95794 /* FloralTests.swift */; };
		18FECED122CDD67D00F95794 /* FloralUITests.swift in Sources */ = {isa = PBXBuildFile; fileRef = 18FECED022CDD67D00F95794 /* FloralUITests.swift */; };
		59621A8131D2FC33CACB4260 /* Pods_FloralUITests.framework in Frameworks */ = {isa = PBXBuildFile; fileRef = F85437930076B4311869D7AA /* Pods_FloralUITests.framework */; };
		B9DAE1197B9E78C35C655E70 /* Pods_FloralTests.framework in Frameworks */ = {isa = PBXBuildFile; fileRef = 384A328D617FA886638A1D67 /* Pods_FloralTests.framework */; };
		F00CD18DBBD1F6A404730864 /* Pods_Floral.framework in Frameworks */ = {isa = PBXBuildFile; fileRef = 58812B07B80281357BFEF9C0 /* Pods_Floral.framework */; };
/* End PBXBuildFile section */

/* Begin PBXContainerItemProxy section */
		18FECEC222CDD67D00F95794 /* PBXContainerItemProxy */ = {
			isa = PBXContainerItemProxy;
			containerPortal = 18FECEA522CDD67C00F95794 /* Project object */;
			proxyType = 1;
			remoteGlobalIDString = 18FECEAC22CDD67C00F95794;
			remoteInfo = Floral;
		};
		18FECECD22CDD67D00F95794 /* PBXContainerItemProxy */ = {
			isa = PBXContainerItemProxy;
			containerPortal = 18FECEA522CDD67C00F95794 /* Project object */;
			proxyType = 1;
			remoteGlobalIDString = 18FECEAC22CDD67C00F95794;
			remoteInfo = Floral;
		};
/* End PBXContainerItemProxy section */

/* Begin PBXFileReference section */
		02726C79D7C226924FB23E97 /* Pods-FloralUITests.release.xcconfig */ = {isa = PBXFileReference; includeInIndex = 1; lastKnownFileType = text.xcconfig; name = "Pods-FloralUITests.release.xcconfig"; path = "Target Support Files/Pods-FloralUITests/Pods-FloralUITests.release.xcconfig"; sourceTree = "<group>"; };
		132B756A908737B5324C922D /* Pods-Floral.debug.xcconfig */ = {isa = PBXFileReference; includeInIndex = 1; lastKnownFileType = text.xcconfig; name = "Pods-Floral.debug.xcconfig"; path = "Target Support Files/Pods-Floral/Pods-Floral.debug.xcconfig"; sourceTree = "<group>"; };
		18FECEAD22CDD67C00F95794 /* Floral.app */ = {isa = PBXFileReference; explicitFileType = wrapper.application; includeInIndex = 0; path = Floral.app; sourceTree = BUILT_PRODUCTS_DIR; };
		18FECEB022CDD67C00F95794 /* AppDelegate.swift */ = {isa = PBXFileReference; lastKnownFileType = sourcecode.swift; path = AppDelegate.swift; sourceTree = "<group>"; };
		18FECEB222CDD67C00F95794 /* ViewController.swift */ = {isa = PBXFileReference; lastKnownFileType = sourcecode.swift; path = ViewController.swift; sourceTree = "<group>"; };
		18FECEB522CDD67C00F95794 /* Base */ = {isa = PBXFileReference; lastKnownFileType = file.storyboard; name = Base; path = Base.lproj/Main.storyboard; sourceTree = "<group>"; };
		18FECEB722CDD67D00F95794 /* Assets.xcassets */ = {isa = PBXFileReference; lastKnownFileType = folder.assetcatalog; path = Assets.xcassets; sourceTree = "<group>"; };
		18FECEBA22CDD67D00F95794 /* Base */ = {isa = PBXFileReference; lastKnownFileType = file.storyboard; name = Base; path = Base.lproj/LaunchScreen.storyboard; sourceTree = "<group>"; };
		18FECEBC22CDD67D00F95794 /* Info.plist */ = {isa = PBXFileReference; lastKnownFileType = text.plist.xml; path = Info.plist; sourceTree = "<group>"; };
		18FECEC122CDD67D00F95794 /* FloralTests.xctest */ = {isa = PBXFileReference; explicitFileType = wrapper.cfbundle; includeInIndex = 0; path = FloralTests.xctest; sourceTree = BUILT_PRODUCTS_DIR; };
		18FECEC522CDD67D00F95794 /* FloralTests.swift */ = {isa = PBXFileReference; lastKnownFileType = sourcecode.swift; path = FloralTests.swift; sourceTree = "<group>"; };
		18FECEC722CDD67D00F95794 /* Info.plist */ = {isa = PBXFileReference; lastKnownFileType = text.plist.xml; path = Info.plist; sourceTree = "<group>"; };
		18FECECC22CDD67D00F95794 /* FloralUITests.xctest */ = {isa = PBXFileReference; explicitFileType = wrapper.cfbundle; includeInIndex = 0; path = FloralUITests.xctest; sourceTree = BUILT_PRODUCTS_DIR; };
		18FECED022CDD67D00F95794 /* FloralUITests.swift */ = {isa = PBXFileReference; lastKnownFileType = sourcecode.swift; path = FloralUITests.swift; sourceTree = "<group>"; };
		18FECED222CDD67D00F95794 /* Info.plist */ = {isa = PBXFileReference; lastKnownFileType = text.plist.xml; path = Info.plist; sourceTree = "<group>"; };
		3403AC69B32B9A6C45E0A519 /* Pods-FloralUITests.debug.xcconfig */ = {isa = PBXFileReference; includeInIndex = 1; lastKnownFileType = text.xcconfig; name = "Pods-FloralUITests.debug.xcconfig"; path = "Target Support Files/Pods-FloralUITests/Pods-FloralUITests.debug.xcconfig"; sourceTree = "<group>"; };
		384A328D617FA886638A1D67 /* Pods_FloralTests.framework */ = {isa = PBXFileReference; explicitFileType = wrapper.framework; includeInIndex = 0; path = Pods_FloralTests.framework; sourceTree = BUILT_PRODUCTS_DIR; };
		58812B07B80281357BFEF9C0 /* Pods_Floral.framework */ = {isa = PBXFileReference; explicitFileType = wrapper.framework; includeInIndex = 0; path = Pods_Floral.framework; sourceTree = BUILT_PRODUCTS_DIR; };
		630B8876179926E3F272B9E9 /* Pods-FloralTests.release.xcconfig */ = {isa = PBXFileReference; includeInIndex = 1; lastKnownFileType = text.xcconfig; name = "Pods-FloralTests.release.xcconfig"; path = "Target Support Files/Pods-FloralTests/Pods-FloralTests.release.xcconfig"; sourceTree = "<group>"; };
		CD37EB6A74BF418BAEFC6629 /* Pods-Floral.release.xcconfig */ = {isa = PBXFileReference; includeInIndex = 1; lastKnownFileType = text.xcconfig; name = "Pods-Floral.release.xcconfig"; path = "Target Support Files/Pods-Floral/Pods-Floral.release.xcconfig"; sourceTree = "<group>"; };
		F4A745EA0E5B26431DCA8006 /* Pods-FloralTests.debug.xcconfig */ = {isa = PBXFileReference; includeInIndex = 1; lastKnownFileType = text.xcconfig; name = "Pods-FloralTests.debug.xcconfig"; path = "Target Support Files/Pods-FloralTests/Pods-FloralTests.debug.xcconfig"; sourceTree = "<group>"; };
		F85437930076B4311869D7AA /* Pods_FloralUITests.framework */ = {isa = PBXFileReference; explicitFileType = wrapper.framework; includeInIndex = 0; path = Pods_FloralUITests.framework; sourceTree = BUILT_PRODUCTS_DIR; };
/* End PBXFileReference section */

/* Begin PBXFrameworksBuildPhase section */
		18FECEAA22CDD67C00F95794 /* Frameworks */ = {
			isa = PBXFrameworksBuildPhase;
			buildActionMask = 2147483647;
			files = (
				F00CD18DBBD1F6A404730864 /* Pods_Floral.framework in Frameworks */,
			);
			runOnlyForDeploymentPostprocessing = 0;
		};
		18FECEBE22CDD67D00F95794 /* Frameworks */ = {
			isa = PBXFrameworksBuildPhase;
			buildActionMask = 2147483647;
			files = (
				B9DAE1197B9E78C35C655E70 /* Pods_FloralTests.framework in Frameworks */,
			);
			runOnlyForDeploymentPostprocessing = 0;
		};
		18FECEC922CDD67D00F95794 /* Frameworks */ = {
			isa = PBXFrameworksBuildPhase;
			buildActionMask = 2147483647;
			files = (
				59621A8131D2FC33CACB4260 /* Pods_FloralUITests.framework in Frameworks */,
			);
			runOnlyForDeploymentPostprocessing = 0;
		};
/* End PBXFrameworksBuildPhase section */

/* Begin PBXGroup section */
		1539300BE7DCE118DE5032C1 /* Pods */ = {
			isa = PBXGroup;
			children = (
				132B756A908737B5324C922D /* Pods-Floral.debug.xcconfig */,
				CD37EB6A74BF418BAEFC6629 /* Pods-Floral.release.xcconfig */,
				F4A745EA0E5B26431DCA8006 /* Pods-FloralTests.debug.xcconfig */,
				630B8876179926E3F272B9E9 /* Pods-FloralTests.release.xcconfig */,
				3403AC69B32B9A6C45E0A519 /* Pods-FloralUITests.debug.xcconfig */,
				02726C79D7C226924FB23E97 /* Pods-FloralUITests.release.xcconfig */,
			);
			name = Pods;
			path = Pods;
			sourceTree = "<group>";
		};
		18FECEA422CDD67C00F95794 = {
			isa = PBXGroup;
			children = (
				18FECEAF22CDD67C00F95794 /* Floral */,
				18FECEC422CDD67D00F95794 /* FloralTests */,
				18FECECF22CDD67D00F95794 /* FloralUITests */,
				18FECEAE22CDD67C00F95794 /* Products */,
				1539300BE7DCE118DE5032C1 /* Pods */,
				A1ACA1E437DE652CAE227741 /* Frameworks */,
			);
			sourceTree = "<group>";
		};
		18FECEAE22CDD67C00F95794 /* Products */ = {
			isa = PBXGroup;
			children = (
				18FECEAD22CDD67C00F95794 /* Floral.app */,
				18FECEC122CDD67D00F95794 /* FloralTests.xctest */,
				18FECECC22CDD67D00F95794 /* FloralUITests.xctest */,
			);
			name = Products;
			sourceTree = "<group>";
		};
		18FECEAF22CDD67C00F95794 /* Floral */ = {
			isa = PBXGroup;
			children = (
				18FECEB022CDD67C00F95794 /* AppDelegate.swift */,
				18FECEB222CDD67C00F95794 /* ViewController.swift */,
				18FECEB422CDD67C00F95794 /* Main.storyboard */,
				18FECEB722CDD67D00F95794 /* Assets.xcassets */,
				18FECEB922CDD67D00F95794 /* LaunchScreen.storyboard */,
				18FECEBC22CDD67D00F95794 /* Info.plist */,
			);
			path = Floral;
			sourceTree = "<group>";
		};
		18FECEC422CDD67D00F95794 /* FloralTests */ = {
			isa = PBXGroup;
			children = (
				18FECEC522CDD67D00F95794 /* FloralTests.swift */,
				18FECEC722CDD67D00F95794 /* Info.plist */,
			);
			path = FloralTests;
			sourceTree = "<group>";
		};
		18FECECF22CDD67D00F95794 /* FloralUITests */ = {
			isa = PBXGroup;
			children = (
				18FECED022CDD67D00F95794 /* FloralUITests.swift */,
				18FECED222CDD67D00F95794 /* Info.plist */,
			);
			path = FloralUITests;
			sourceTree = "<group>";
		};
		A1ACA1E437DE652CAE227741 /* Frameworks */ = {
			isa = PBXGroup;
			children = (
				58812B07B80281357BFEF9C0 /* Pods_Floral.framework */,
				384A328D617FA886638A1D67 /* Pods_FloralTests.framework */,
				F85437930076B4311869D7AA /* Pods_FloralUITests.framework */,
			);
			name = Frameworks;
			sourceTree = "<group>";
		};
/* End PBXGroup section */

/* Begin PBXNativeTarget section */
		18FECEAC22CDD67C00F95794 /* Floral */ = {
			isa = PBXNativeTarget;
			buildConfigurationList = 18FECED522CDD67D00F95794 /* Build configuration list for PBXNativeTarget "Floral" */;
			buildPhases = (
				40A615B7E556F0104876B0E8 /* [CP] Check Pods Manifest.lock */,
				18FECEA922CDD67C00F95794 /* Sources */,
				18FECEAA22CDD67C00F95794 /* Frameworks */,
				18FECEAB22CDD67C00F95794 /* Resources */,
				4247663B6FD46CC69ED1E599 /* [CP] Embed Pods Frameworks */,
			);
			buildRules = (
			);
			dependencies = (
			);
			name = Floral;
			productName = Floral;
			productReference = 18FECEAD22CDD67C00F95794 /* Floral.app */;
			productType = "com.apple.product-type.application";
		};
		18FECEC022CDD67D00F95794 /* FloralTests */ = {
			isa = PBXNativeTarget;
			buildConfigurationList = 18FECED822CDD67D00F95794 /* Build configuration list for PBXNativeTarget "FloralTests" */;
			buildPhases = (
				41C23BFD02E6F3FA4F672EC6 /* [CP] Check Pods Manifest.lock */,
				18FECEBD22CDD67D00F95794 /* Sources */,
				18FECEBE22CDD67D00F95794 /* Frameworks */,
				18FECEBF22CDD67D00F95794 /* Resources */,
			);
			buildRules = (
			);
			dependencies = (
				18FECEC322CDD67D00F95794 /* PBXTargetDependency */,
			);
			name = FloralTests;
			productName = FloralTests;
			productReference = 18FECEC122CDD67D00F95794 /* FloralTests.xctest */;
			productType = "com.apple.product-type.bundle.unit-test";
		};
		18FECECB22CDD67D00F95794 /* FloralUITests */ = {
			isa = PBXNativeTarget;
			buildConfigurationList = 18FECEDB22CDD67D00F95794 /* Build configuration list for PBXNativeTarget "FloralUITests" */;
			buildPhases = (
				514ED6B98B5A1F74F9CC884B /* [CP] Check Pods Manifest.lock */,
				18FECEC822CDD67D00F95794 /* Sources */,
				18FECEC922CDD67D00F95794 /* Frameworks */,
				18FECECA22CDD67D00F95794 /* Resources */,
			);
			buildRules = (
			);
			dependencies = (
				18FECECE22CDD67D00F95794 /* PBXTargetDependency */,
			);
			name = FloralUITests;
			productName = FloralUITests;
			productReference = 18FECECC22CDD67D00F95794 /* FloralUITests.xctest */;
			productType = "com.apple.product-type.bundle.ui-testing";
		};
/* End PBXNativeTarget section */

/* Begin PBXProject section */
		18FECEA522CDD67C00F95794 /* Project object */ = {
			isa = PBXProject;
			attributes = {
				LastSwiftUpdateCheck = 1020;
				LastUpgradeCheck = 1020;
				ORGANIZATIONNAME = "文刂Rn";
				TargetAttributes = {
					18FECEAC22CDD67C00F95794 = {
						CreatedOnToolsVersion = 10.2.1;
					};
					18FECEC022CDD67D00F95794 = {
						CreatedOnToolsVersion = 10.2.1;
						TestTargetID = 18FECEAC22CDD67C00F95794;
					};
					18FECECB22CDD67D00F95794 = {
						CreatedOnToolsVersion = 10.2.1;
						TestTargetID = 18FECEAC22CDD67C00F95794;
					};
				};
			};
			buildConfigurationList = 18FECEA822CDD67C00F95794 /* Build configuration list for PBXProject "Floral" */;
			compatibilityVersion = "Xcode 9.3";
			developmentRegion = en;
			hasScannedForEncodings = 0;
			knownRegions = (
				en,
				Base,
			);
			mainGroup = 18FECEA422CDD67C00F95794;
			productRefGroup = 18FECEAE22CDD67C00F95794 /* Products */;
			projectDirPath = "";
			projectRoot = "";
			targets = (
				18FECEAC22CDD67C00F95794 /* Floral */,
				18FECEC022CDD67D00F95794 /* FloralTests */,
				18FECECB22CDD67D00F95794 /* FloralUITests */,
			);
		};
/* End PBXProject section */

/* Begin PBXResourcesBuildPhase section */
		18FECEAB22CDD67C00F95794 /* Resources */ = {
			isa = PBXResourcesBuildPhase;
			buildActionMask = 2147483647;
			files = (
				18FECEBB22CDD67D00F95794 /* LaunchScreen.storyboard in Resources */,
				18FECEB822CDD67D00F95794 /* Assets.xcassets in Resources */,
				18FECEB622CDD67C00F95794 /* Main.storyboard in Resources */,
			);
			runOnlyForDeploymentPostprocessing = 0;
		};
		18FECEBF22CDD67D00F95794 /* Resources */ = {
			isa = PBXResourcesBuildPhase;
			buildActionMask = 2147483647;
			files = (
			);
			runOnlyForDeploymentPostprocessing = 0;
		};
		18FECECA22CDD67D00F95794 /* Resources */ = {
			isa = PBXResourcesBuildPhase;
			buildActionMask = 2147483647;
			files = (
			);
			runOnlyForDeploymentPostprocessing = 0;
		};
/* End PBXResourcesBuildPhase section */

/* Begin PBXShellScriptBuildPhase section */
		40A615B7E556F0104876B0E8 /* [CP] Check Pods Manifest.lock */ = {
			isa = PBXShellScriptBuildPhase;
			buildActionMask = 2147483647;
			files = (
			);
			inputFileListPaths = (
			);
			inputPaths = (
				"${PODS_PODFILE_DIR_PATH}/Podfile.lock",
				"${PODS_ROOT}/Manifest.lock",
			);
			name = "[CP] Check Pods Manifest.lock";
			outputFileListPaths = (
			);
			outputPaths = (
				"$(DERIVED_FILE_DIR)/Pods-Floral-checkManifestLockResult.txt",
			);
			runOnlyForDeploymentPostprocessing = 0;
			shellPath = /bin/sh;
			shellScript = "diff \"${PODS_PODFILE_DIR_PATH}/Podfile.lock\" \"${PODS_ROOT}/Manifest.lock\" > /dev/null\nif [ $? != 0 ] ; then\n    # print error to STDERR\n    echo \"error: The sandbox is not in sync with the Podfile.lock. Run 'pod install' or update your CocoaPods installation.\" >&2\n    exit 1\nfi\n# This output is used by Xcode 'outputs' to avoid re-running this script phase.\necho \"SUCCESS\" > \"${SCRIPT_OUTPUT_FILE_0}\"\n";
			showEnvVarsInLog = 0;
		};
		41C23BFD02E6F3FA4F672EC6 /* [CP] Check Pods Manifest.lock */ = {
			isa = PBXShellScriptBuildPhase;
			buildActionMask = 2147483647;
			files = (
			);
			inputFileListPaths = (
			);
			inputPaths = (
				"${PODS_PODFILE_DIR_PATH}/Podfile.lock",
				"${PODS_ROOT}/Manifest.lock",
			);
			name = "[CP] Check Pods Manifest.lock";
			outputFileListPaths = (
			);
			outputPaths = (
				"$(DERIVED_FILE_DIR)/Pods-FloralTests-checkManifestLockResult.txt",
			);
			runOnlyForDeploymentPostprocessing = 0;
			shellPath = /bin/sh;
			shellScript = "diff \"${PODS_PODFILE_DIR_PATH}/Podfile.lock\" \"${PODS_ROOT}/Manifest.lock\" > /dev/null\nif [ $? != 0 ] ; then\n    # print error to STDERR\n    echo \"error: The sandbox is not in sync with the Podfile.lock. Run 'pod install' or update your CocoaPods installation.\" >&2\n    exit 1\nfi\n# This output is used by Xcode 'outputs' to avoid re-running this script phase.\necho \"SUCCESS\" > \"${SCRIPT_OUTPUT_FILE_0}\"\n";
			showEnvVarsInLog = 0;
		};
		4247663B6FD46CC69ED1E599 /* [CP] Embed Pods Frameworks */ = {
			isa = PBXShellScriptBuildPhase;
			buildActionMask = 2147483647;
			files = (
			);
			inputFileListPaths = (
				"${PODS_ROOT}/Target Support Files/Pods-Floral/Pods-Floral-frameworks-${CONFIGURATION}-input-files.xcfilelist",
			);
			name = "[CP] Embed Pods Frameworks";
			outputFileListPaths = (
				"${PODS_ROOT}/Target Support Files/Pods-Floral/Pods-Floral-frameworks-${CONFIGURATION}-output-files.xcfilelist",
			);
			runOnlyForDeploymentPostprocessing = 0;
			shellPath = /bin/sh;
			shellScript = "\"${PODS_ROOT}/Target Support Files/Pods-Floral/Pods-Floral-frameworks.sh\"\n";
			showEnvVarsInLog = 0;
		};
		514ED6B98B5A1F74F9CC884B /* [CP] Check Pods Manifest.lock */ = {
			isa = PBXShellScriptBuildPhase;
			buildActionMask = 2147483647;
			files = (
			);
			inputFileListPaths = (
			);
			inputPaths = (
				"${PODS_PODFILE_DIR_PATH}/Podfile.lock",
				"${PODS_ROOT}/Manifest.lock",
			);
			name = "[CP] Check Pods Manifest.lock";
			outputFileListPaths = (
			);
			outputPaths = (
				"$(DERIVED_FILE_DIR)/Pods-FloralUITests-checkManifestLockResult.txt",
			);
			runOnlyForDeploymentPostprocessing = 0;
			shellPath = /bin/sh;
			shellScript = "diff \"${PODS_PODFILE_DIR_PATH}/Podfile.lock\" \"${PODS_ROOT}/Manifest.lock\" > /dev/null\nif [ $? != 0 ] ; then\n    # print error to STDERR\n    echo \"error: The sandbox is not in sync with the Podfile.lock. Run 'pod install' or update your CocoaPods installation.\" >&2\n    exit 1\nfi\n# This output is used by Xcode 'outputs' to avoid re-running this script phase.\necho \"SUCCESS\" > \"${SCRIPT_OUTPUT_FILE_0}\"\n";
			showEnvVarsInLog = 0;
		};
/* End PBXShellScriptBuildPhase section */

/* Begin PBXSourcesBuildPhase section */
		18FECEA922CDD67C00F95794 /* Sources */ = {
			isa = PBXSourcesBuildPhase;
			buildActionMask = 2147483647;
			files = (
				18FECEB322CDD67C00F95794 /* ViewController.swift in Sources */,
				18FECEB122CDD67C00F95794 /* AppDelegate.swift in Sources */,
			);
			runOnlyForDeploymentPostprocessing = 0;
		};
		18FECEBD22CDD67D00F95794 /* Sources */ = {
			isa = PBXSourcesBuildPhase;
			buildActionMask = 2147483647;
			files = (
				18FECEC622CDD67D00F95794 /* FloralTests.swift in Sources */,
			);
			runOnlyForDeploymentPostprocessing = 0;
		};
		18FECEC822CDD67D00F95794 /* Sources */ = {
			isa = PBXSourcesBuildPhase;
			buildActionMask = 2147483647;
			files = (
				18FECED122CDD67D00F95794 /* FloralUITests.swift in Sources */,
			);
			runOnlyForDeploymentPostprocessing = 0;
		};
/* End PBXSourcesBuildPhase section */

/* Begin PBXTargetDependency section */
		18FECEC322CDD67D00F95794 /* PBXTargetDependency */ = {
			isa = PBXTargetDependency;
			target = 18FECEAC22CDD67C00F95794 /* Floral */;
			targetProxy = 18FECEC222CDD67D00F95794 /* PBXContainerItemProxy */;
		};
		18FECECE22CDD67D00F95794 /* PBXTargetDependency */ = {
			isa = PBXTargetDependency;
			target = 18FECEAC22CDD67C00F95794 /* Floral */;
			targetProxy = 18FECECD22CDD67D00F95794 /* PBXContainerItemProxy */;
		};
/* End PBXTargetDependency section */

/* Begin PBXVariantGroup section */
		18FECEB422CDD67C00F95794 /* Main.storyboard */ = {
			isa = PBXVariantGroup;
			children = (
				18FECEB522CDD67C00F95794 /* Base */,
			);
			name = Main.storyboard;
			sourceTree = "<group>";
		};
		18FECEB922CDD67D00F95794 /* LaunchScreen.storyboard */ = {
			isa = PBXVariantGroup;
			children = (
				18FECEBA22CDD67D00F95794 /* Base */,
			);
			name = LaunchScreen.storyboard;
			sourceTree = "<group>";
		};
/* End PBXVariantGroup section */

/* Begin XCBuildConfiguration section */
		18FECED322CDD67D00F95794 /* Debug */ = {
			isa = XCBuildConfiguration;
			buildSettings = {
				ALWAYS_SEARCH_USER_PATHS = NO;
				CLANG_ANALYZER_NONNULL = YES;
				CLANG_ANALYZER_NUMBER_OBJECT_CONVERSION = YES_AGGRESSIVE;
				CLANG_CXX_LANGUAGE_STANDARD = "gnu++14";
				CLANG_CXX_LIBRARY = "libc++";
				CLANG_ENABLE_MODULES = YES;
				CLANG_ENABLE_OBJC_ARC = YES;
				CLANG_ENABLE_OBJC_WEAK = YES;
				CLANG_WARN_BLOCK_CAPTURE_AUTORELEASING = YES;
				CLANG_WARN_BOOL_CONVERSION = YES;
				CLANG_WARN_COMMA = YES;
				CLANG_WARN_CONSTANT_CONVERSION = YES;
				CLANG_WARN_DEPRECATED_OBJC_IMPLEMENTATIONS = YES;
				CLANG_WARN_DIRECT_OBJC_ISA_USAGE = YES_ERROR;
				CLANG_WARN_DOCUMENTATION_COMMENTS = YES;
				CLANG_WARN_EMPTY_BODY = YES;
				CLANG_WARN_ENUM_CONVERSION = YES;
				CLANG_WARN_INFINITE_RECURSION = YES;
				CLANG_WARN_INT_CONVERSION = YES;
				CLANG_WARN_NON_LITERAL_NULL_CONVERSION = YES;
				CLANG_WARN_OBJC_IMPLICIT_RETAIN_SELF = YES;
				CLANG_WARN_OBJC_LITERAL_CONVERSION = YES;
				CLANG_WARN_OBJC_ROOT_CLASS = YES_ERROR;
				CLANG_WARN_RANGE_LOOP_ANALYSIS = YES;
				CLANG_WARN_STRICT_PROTOTYPES = YES;
				CLANG_WARN_SUSPICIOUS_MOVE = YES;
				CLANG_WARN_UNGUARDED_AVAILABILITY = YES_AGGRESSIVE;
				CLANG_WARN_UNREACHABLE_CODE = YES;
				CLANG_WARN__DUPLICATE_METHOD_MATCH = YES;
				CODE_SIGN_IDENTITY = "iPhone Developer";
				COPY_PHASE_STRIP = NO;
				DEBUG_INFORMATION_FORMAT = dwarf;
				ENABLE_STRICT_OBJC_MSGSEND = YES;
				ENABLE_TESTABILITY = YES;
				GCC_C_LANGUAGE_STANDARD = gnu11;
				GCC_DYNAMIC_NO_PIC = NO;
				GCC_NO_COMMON_BLOCKS = YES;
				GCC_OPTIMIZATION_LEVEL = 0;
				GCC_PREPROCESSOR_DEFINITIONS = (
					"DEBUG=1",
					"$(inherited)",
				);
				GCC_WARN_64_TO_32_BIT_CONVERSION = YES;
				GCC_WARN_ABOUT_RETURN_TYPE = YES_ERROR;
				GCC_WARN_UNDECLARED_SELECTOR = YES;
				GCC_WARN_UNINITIALIZED_AUTOS = YES_AGGRESSIVE;
				GCC_WARN_UNUSED_FUNCTION = YES;
				GCC_WARN_UNUSED_VARIABLE = YES;
				IPHONEOS_DEPLOYMENT_TARGET = 12.2;
				MTL_ENABLE_DEBUG_INFO = INCLUDE_SOURCE;
				MTL_FAST_MATH = YES;
				ONLY_ACTIVE_ARCH = YES;
				SDKROOT = iphoneos;
				SWIFT_ACTIVE_COMPILATION_CONDITIONS = DEBUG;
				SWIFT_OPTIMIZATION_LEVEL = "-Onone";
			};
			name = Debug;
		};
		18FECED422CDD67D00F95794 /* Release */ = {
			isa = XCBuildConfiguration;
			buildSettings = {
				ALWAYS_SEARCH_USER_PATHS = NO;
				CLANG_ANALYZER_NONNULL = YES;
				CLANG_ANALYZER_NUMBER_OBJECT_CONVERSION = YES_AGGRESSIVE;
				CLANG_CXX_LANGUAGE_STANDARD = "gnu++14";
				CLANG_CXX_LIBRARY = "libc++";
				CLANG_ENABLE_MODULES = YES;
				CLANG_ENABLE_OBJC_ARC = YES;
				CLANG_ENABLE_OBJC_WEAK = YES;
				CLANG_WARN_BLOCK_CAPTURE_AUTORELEASING = YES;
				CLANG_WARN_BOOL_CONVERSION = YES;
				CLANG_WARN_COMMA = YES;
				CLANG_WARN_CONSTANT_CONVERSION = YES;
				CLANG_WARN_DEPRECATED_OBJC_IMPLEMENTATIONS = YES;
				CLANG_WARN_DIRECT_OBJC_ISA_USAGE = YES_ERROR;
				CLANG_WARN_DOCUMENTATION_COMMENTS = YES;
				CLANG_WARN_EMPTY_BODY = YES;
				CLANG_WARN_ENUM_CONVERSION = YES;
				CLANG_WARN_INFINITE_RECURSION = YES;
				CLANG_WARN_INT_CONVERSION = YES;
				CLANG_WARN_NON_LITERAL_NULL_CONVERSION = YES;
				CLANG_WARN_OBJC_IMPLICIT_RETAIN_SELF = YES;
				CLANG_WARN_OBJC_LITERAL_CONVERSION = YES;
				CLANG_WARN_OBJC_ROOT_CLASS = YES_ERROR;
				CLANG_WARN_RANGE_LOOP_ANALYSIS = YES;
				CLANG_WARN_STRICT_PROTOTYPES = YES;
				CLANG_WARN_SUSPICIOUS_MOVE = YES;
				CLANG_WARN_UNGUARDED_AVAILABILITY = YES_AGGRESSIVE;
				CLANG_WARN_UNREACHABLE_CODE = YES;
				CLANG_WARN__DUPLICATE_METHOD_MATCH = YES;
				CODE_SIGN_IDENTITY = "iPhone Developer";
				COPY_PHASE_STRIP = NO;
				DEBUG_INFORMATION_FORMAT = "dwarf-with-dsym";
				ENABLE_NS_ASSERTIONS = NO;
				ENABLE_STRICT_OBJC_MSGSEND = YES;
				GCC_C_LANGUAGE_STANDARD = gnu11;
				GCC_NO_COMMON_BLOCKS = YES;
				GCC_WARN_64_TO_32_BIT_CONVERSION = YES;
				GCC_WARN_ABOUT_RETURN_TYPE = YES_ERROR;
				GCC_WARN_UNDECLARED_SELECTOR = YES;
				GCC_WARN_UNINITIALIZED_AUTOS = YES_AGGRESSIVE;
				GCC_WARN_UNUSED_FUNCTION = YES;
				GCC_WARN_UNUSED_VARIABLE = YES;
				IPHONEOS_DEPLOYMENT_TARGET = 12.2;
				MTL_ENABLE_DEBUG_INFO = NO;
				MTL_FAST_MATH = YES;
				SDKROOT = iphoneos;
				SWIFT_COMPILATION_MODE = wholemodule;
				SWIFT_OPTIMIZATION_LEVEL = "-O";
				VALIDATE_PRODUCT = YES;
			};
			name = Release;
		};
		18FECED622CDD67D00F95794 /* Debug */ = {
			isa = XCBuildConfiguration;
			baseConfigurationReference = 132B756A908737B5324C922D /* Pods-Floral.debug.xcconfig */;
			buildSettings = {
				ASSETCATALOG_COMPILER_APPICON_NAME = AppIcon;
				CODE_SIGN_STYLE = Automatic;
				DEVELOPMENT_TEAM = 3PQ9EHTEHL;
				INFOPLIST_FILE = Floral/Info.plist;
				LD_RUNPATH_SEARCH_PATHS = (
					"$(inherited)",
					"@executable_path/Frameworks",
				);
				PRODUCT_BUNDLE_IDENTIFIER = www.xfsrn.com.cn.Floral;
				PRODUCT_NAME = "$(TARGET_NAME)";
				SWIFT_VERSION = 5.0;
				TARGETED_DEVICE_FAMILY = "1,2";
			};
			name = Debug;
		};
		18FECED722CDD67D00F95794 /* Release */ = {
			isa = XCBuildConfiguration;
			baseConfigurationReference = CD37EB6A74BF418BAEFC6629 /* Pods-Floral.release.xcconfig */;
			buildSettings = {
				ASSETCATALOG_COMPILER_APPICON_NAME = AppIcon;
				CODE_SIGN_STYLE = Automatic;
				DEVELOPMENT_TEAM = 3PQ9EHTEHL;
				INFOPLIST_FILE = Floral/Info.plist;
				LD_RUNPATH_SEARCH_PATHS = (
					"$(inherited)",
					"@executable_path/Frameworks",
				);
				PRODUCT_BUNDLE_IDENTIFIER = www.xfsrn.com.cn.Floral;
				PRODUCT_NAME = "$(TARGET_NAME)";
				SWIFT_VERSION = 5.0;
				TARGETED_DEVICE_FAMILY = "1,2";
			};
			name = Release;
		};
		18FECED922CDD67D00F95794 /* Debug */ = {
			isa = XCBuildConfiguration;
			baseConfigurationReference = F4A745EA0E5B26431DCA8006 /* Pods-FloralTests.debug.xcconfig */;
			buildSettings = {
				ALWAYS_EMBED_SWIFT_STANDARD_LIBRARIES = YES;
				BUNDLE_LOADER = "$(TEST_HOST)";
				CODE_SIGN_STYLE = Automatic;
				DEVELOPMENT_TEAM = 3PQ9EHTEHL;
				INFOPLIST_FILE = FloralTests/Info.plist;
				LD_RUNPATH_SEARCH_PATHS = (
					"$(inherited)",
					"@executable_path/Frameworks",
					"@loader_path/Frameworks",
				);
				PRODUCT_BUNDLE_IDENTIFIER = www.xfsrn.com.cn.FloralTests;
				PRODUCT_NAME = "$(TARGET_NAME)";
				SWIFT_VERSION = 5.0;
				TARGETED_DEVICE_FAMILY = "1,2";
				TEST_HOST = "$(BUILT_PRODUCTS_DIR)/Floral.app/Floral";
			};
			name = Debug;
		};
		18FECEDA22CDD67D00F95794 /* Release */ = {
			isa = XCBuildConfiguration;
			baseConfigurationReference = 630B8876179926E3F272B9E9 /* Pods-FloralTests.release.xcconfig */;
			buildSettings = {
				ALWAYS_EMBED_SWIFT_STANDARD_LIBRARIES = YES;
				BUNDLE_LOADER = "$(TEST_HOST)";
				CODE_SIGN_STYLE = Automatic;
				DEVELOPMENT_TEAM = 3PQ9EHTEHL;
				INFOPLIST_FILE = FloralTests/Info.plist;
				LD_RUNPATH_SEARCH_PATHS = (
					"$(inherited)",
					"@executable_path/Frameworks",
					"@loader_path/Frameworks",
				);
				PRODUCT_BUNDLE_IDENTIFIER = www.xfsrn.com.cn.FloralTests;
				PRODUCT_NAME = "$(TARGET_NAME)";
				SWIFT_VERSION = 5.0;
				TARGETED_DEVICE_FAMILY = "1,2";
				TEST_HOST = "$(BUILT_PRODUCTS_DIR)/Floral.app/Floral";
			};
			name = Release;
		};
		18FECEDC22CDD67D00F95794 /* Debug */ = {
			isa = XCBuildConfiguration;
			baseConfigurationReference = 3403AC69B32B9A6C45E0A519 /* Pods-FloralUITests.debug.xcconfig */;
			buildSettings = {
				ALWAYS_EMBED_SWIFT_STANDARD_LIBRARIES = YES;
				CODE_SIGN_STYLE = Automatic;
				DEVELOPMENT_TEAM = 3PQ9EHTEHL;
				INFOPLIST_FILE = FloralUITests/Info.plist;
				LD_RUNPATH_SEARCH_PATHS = (
					"$(inherited)",
					"@executable_path/Frameworks",
					"@loader_path/Frameworks",
				);
				PRODUCT_BUNDLE_IDENTIFIER = www.xfsrn.com.cn.FloralUITests;
				PRODUCT_NAME = "$(TARGET_NAME)";
				SWIFT_VERSION = 5.0;
				TARGETED_DEVICE_FAMILY = "1,2";
				TEST_TARGET_NAME = Floral;
			};
			name = Debug;
		};
		18FECEDD22CDD67D00F95794 /* Release */ = {
			isa = XCBuildConfiguration;
			baseConfigurationReference = 02726C79D7C226924FB23E97 /* Pods-FloralUITests.release.xcconfig */;
			buildSettings = {
				ALWAYS_EMBED_SWIFT_STANDARD_LIBRARIES = YES;
				CODE_SIGN_STYLE = Automatic;
				DEVELOPMENT_TEAM = 3PQ9EHTEHL;
				INFOPLIST_FILE = FloralUITests/Info.plist;
				LD_RUNPATH_SEARCH_PATHS = (
					"$(inherited)",
					"@executable_path/Frameworks",
					"@loader_path/Frameworks",
				);
				PRODUCT_BUNDLE_IDENTIFIER = www.xfsrn.com.cn.FloralUITests;
				PRODUCT_NAME = "$(TARGET_NAME)";
				SWIFT_VERSION = 5.0;
				TARGETED_DEVICE_FAMILY = "1,2";
				TEST_TARGET_NAME = Floral;
			};
			name = Release;
		};
/* End XCBuildConfiguration section */

/* Begin XCConfigurationList section */
		18FECEA822CDD67C00F95794 /* Build configuration list for PBXProject "Floral" */ = {
			isa = XCConfigurationList;
			buildConfigurations = (
				18FECED322CDD67D00F95794 /* Debug */,
				18FECED422CDD67D00F95794 /* Release */,
			);
			defaultConfigurationIsVisible = 0;
			defaultConfigurationName = Release;
		};
		18FECED522CDD67D00F95794 /* Build configuration list for PBXNativeTarget "Floral" */ = {
			isa = XCConfigurationList;
			buildConfigurations = (
				18FECED622CDD67D00F95794 /* Debug */,
				18FECED722CDD67D00F95794 /* Release */,
			);
			defaultConfigurationIsVisible = 0;
			defaultConfigurationName = Release;
		};
		18FECED822CDD67D00F95794 /* Build configuration list for PBXNativeTarget "FloralTests" */ = {
			isa = XCConfigurationList;
			buildConfigurations = (
				18FECED922CDD67D00F95794 /* Debug */,
				18FECEDA22CDD67D00F95794 /* Release */,
			);
			defaultConfigurationIsVisible = 0;
			defaultConfigurationName = Release;
		};
		18FECEDB22CDD67D00F95794 /* Build configuration list for PBXNativeTarget "FloralUITests" */ = {
			isa = XCConfigurationList;
			buildConfigurations = (
				18FECEDC22CDD67D00F95794 /* Debug */,
				18FECEDD22CDD67D00F95794 /* Release */,
			);
			defaultConfigurationIsVisible = 0;
			defaultConfigurationName = Release;
		};
/* End XCConfigurationList section */
	};
	rootObject = 18FECEA522CDD67C00F95794 /* Project object */;
}
