// !$*UTF8*$!
{
	archiveVersion = 1;
	classes = {
	};
	objectVersion = 46;
	objects = {

/* Begin PBXBuildFile section */
		1832D1961D87F49100416295 /* LDSubjectBottomView.swift in Sources */ = {isa = PBXBuildFile; fileRef = 1832D1951D87F49100416295 /* LDSubjectBottomView.swift */; };
		1832D1981D87F63100416295 /* UIButton+Extension.swift in Sources */ = {isa = PBXBuildFile; fileRef = 1832D1971D87F63100416295 /* UIButton+Extension.swift */; };
		1832D1A41D88084800416295 /* UITableView+FDIndexPathHeightCache.m in Sources */ = {isa = PBXBuildFile; fileRef = 1832D19D1D88084800416295 /* UITableView+FDIndexPathHeightCache.m */; };
		1832D1A51D88084800416295 /* UITableView+FDKeyedHeightCache.m in Sources */ = {isa = PBXBuildFile; fileRef = 1832D19F1D88084800416295 /* UITableView+FDKeyedHeightCache.m */; };
		1832D1A61D88084800416295 /* UITableView+FDTemplateLayoutCell.m in Sources */ = {isa = PBXBuildFile; fileRef = 1832D1A11D88084800416295 /* UITableView+FDTemplateLayoutCell.m */; };
		1832D1A71D88084800416295 /* UITableView+FDTemplateLayoutCellDebug.m in Sources */ = {isa = PBXBuildFile; fileRef = 1832D1A31D88084800416295 /* UITableView+FDTemplateLayoutCellDebug.m */; };
		1850665E1D7FE80600393706 /* AppDelegate.swift in Sources */ = {isa = PBXBuildFile; fileRef = 1850665D1D7FE80600393706 /* AppDelegate.swift */; };
		185066601D7FE80600393706 /* ViewController.swift in Sources */ = {isa = PBXBuildFile; fileRef = 1850665F1D7FE80600393706 /* ViewController.swift */; };
		185066631D7FE80600393706 /* Main.storyboard in Resources */ = {isa = PBXBuildFile; fileRef = 185066611D7FE80600393706 /* Main.storyboard */; };
		185066661D7FE80600393706 /* Floral.xcdatamodeld in Sources */ = {isa = PBXBuildFile; fileRef = 185066641D7FE80600393706 /* Floral.xcdatamodeld */; };
		185066681D7FE80600393706 /* Assets.xcassets in Resources */ = {isa = PBXBuildFile; fileRef = 185066671D7FE80600393706 /* Assets.xcassets */; };
		1850666B1D7FE80600393706 /* LaunchScreen.storyboard in Resources */ = {isa = PBXBuildFile; fileRef = 185066691D7FE80600393706 /* LaunchScreen.storyboard */; };
		185066761D7FE80600393706 /* FloralTests.swift in Sources */ = {isa = PBXBuildFile; fileRef = 185066751D7FE80600393706 /* FloralTests.swift */; };
		185066811D7FE80600393706 /* FloralUITests.swift in Sources */ = {isa = PBXBuildFile; fileRef = 185066801D7FE80600393706 /* FloralUITests.swift */; };
		185067091D7FE9F200393706 /* CODE BOLD.OTF in Resources */ = {isa = PBXBuildFile; fileRef = 1850669F1D7FE9F200393706 /* CODE BOLD.OTF */; };
		1850670A1D7FE9F200393706 /* CODE LIGHT.OTF in Resources */ = {isa = PBXBuildFile; fileRef = 185066A01D7FE9F200393706 /* CODE LIGHT.OTF */; };
		1850670B1D7FE9F200393706 /* FZXQJW_0.TTF in Resources */ = {isa = PBXBuildFile; fileRef = 185066A11D7FE9F200393706 /* FZXQJW_0.TTF */; };
		1850670C1D7FE9F200393706 /* 方正兰亭纤黑简体.TTF in Resources */ = {isa = PBXBuildFile; fileRef = 185066A21D7FE9F200393706 /* 方正兰亭纤黑简体.TTF */; };
		185067651D7FE9F200393706 /* city.plist in Resources */ = {isa = PBXBuildFile; fileRef = 185066FE1D7FE9F200393706 /* city.plist */; };
		185067661D7FE9F200393706 /* province.plist in Resources */ = {isa = PBXBuildFile; fileRef = 185066FF1D7FE9F200393706 /* province.plist */; };
		185067681D7FEABE00393706 /* LDTabBarController.swift in Sources */ = {isa = PBXBuildFile; fileRef = 185067671D7FEABE00393706 /* LDTabBarController.swift */; };
		1850676A1D7FEAD600393706 /* LDNavigationController.swift in Sources */ = {isa = PBXBuildFile; fileRef = 185067691D7FEAD600393706 /* LDNavigationController.swift */; };
		1850676C1D7FEAFE00393706 /* LDMeController.swift in Sources */ = {isa = PBXBuildFile; fileRef = 1850676B1D7FEAFE00393706 /* LDMeController.swift */; };
		1850676E1D7FEB1300393706 /* LDCommunityController.swift in Sources */ = {isa = PBXBuildFile; fileRef = 1850676D1D7FEB1300393706 /* LDCommunityController.swift */; };
		185067701D7FEB2400393706 /* LDStoreController.swift in Sources */ = {isa = PBXBuildFile; fileRef = 1850676F1D7FEB2400393706 /* LDStoreController.swift */; };
		185067721D7FEB3500393706 /* LDSubjectController.swift in Sources */ = {isa = PBXBuildFile; fileRef = 185067711D7FEB3500393706 /* LDSubjectController.swift */; };
		18A0188B1D83B0D600BC807A /* LDSubjectCell.swift in Sources */ = {isa = PBXBuildFile; fileRef = 18A0188A1D83B0D600BC807A /* LDSubjectCell.swift */; };
		18A0188E1D83E16C00BC807A /* LDSubjectModel.swift in Sources */ = {isa = PBXBuildFile; fileRef = 18A0188D1D83E16C00BC807A /* LDSubjectModel.swift */; };
		18A018901D83E22900BC807A /* LDAuthorModel.swift in Sources */ = {isa = PBXBuildFile; fileRef = 18A0188F1D83E22900BC807A /* LDAuthorModel.swift */; };
		18A018921D83E24500BC807A /* LDCategoryModel.swift in Sources */ = {isa = PBXBuildFile; fileRef = 18A018911D83E24500BC807A /* LDCategoryModel.swift */; };
		18A018941D83E4B100BC807A /* LDGoodListModel.swift in Sources */ = {isa = PBXBuildFile; fileRef = 18A018931D83E4B100BC807A /* LDGoodListModel.swift */; };
		18CEB9FE1D7FF20C003A8080 /* UIImage+Extension.swift in Sources */ = {isa = PBXBuildFile; fileRef = 18CEB9FD1D7FF20C003A8080 /* UIImage+Extension.swift */; };
		18CEBA001D7FF7A3003A8080 /* LDNetworkManager.swift in Sources */ = {isa = PBXBuildFile; fileRef = 18CEB9FF1D7FF7A3003A8080 /* LDNetworkManager.swift */; };
		18CEBA021D800888003A8080 /* LDTitleScrollView.swift in Sources */ = {isa = PBXBuildFile; fileRef = 18CEBA011D800888003A8080 /* LDTitleScrollView.swift */; };
		763CBA693A4037297C88E27A /* Pods_Floral.framework in Frameworks */ = {isa = PBXBuildFile; fileRef = 2DD497BCADC395D4D3C5BC49 /* Pods_Floral.framework */; };
/* End PBXBuildFile section */

/* Begin PBXContainerItemProxy section */
		185066721D7FE80600393706 /* PBXContainerItemProxy */ = {
			isa = PBXContainerItemProxy;
			containerPortal = 185066521D7FE80600393706 /* Project object */;
			proxyType = 1;
			remoteGlobalIDString = 185066591D7FE80600393706;
			remoteInfo = Floral;
		};
		1850667D1D7FE80600393706 /* PBXContainerItemProxy */ = {
			isa = PBXContainerItemProxy;
			containerPortal = 185066521D7FE80600393706 /* Project object */;
			proxyType = 1;
			remoteGlobalIDString = 185066591D7FE80600393706;
			remoteInfo = Floral;
		};
/* End PBXContainerItemProxy section */

/* Begin PBXFileReference section */
		1832D1951D87F49100416295 /* LDSubjectBottomView.swift */ = {isa = PBXFileReference; fileEncoding = 4; lastKnownFileType = sourcecode.swift; path = LDSubjectBottomView.swift; sourceTree = "<group>"; };
		1832D1971D87F63100416295 /* UIButton+Extension.swift */ = {isa = PBXFileReference; fileEncoding = 4; lastKnownFileType = sourcecode.swift; path = "UIButton+Extension.swift"; sourceTree = "<group>"; };
		1832D19B1D88084800416295 /* Floral-Bridging-Header.h */ = {isa = PBXFileReference; lastKnownFileType = sourcecode.c.h; path = "Floral-Bridging-Header.h"; sourceTree = "<group>"; };
		1832D19C1D88084800416295 /* UITableView+FDIndexPathHeightCache.h */ = {isa = PBXFileReference; fileEncoding = 4; lastKnownFileType = sourcecode.c.h; path = "UITableView+FDIndexPathHeightCache.h"; sourceTree = "<group>"; };
		1832D19D1D88084800416295 /* UITableView+FDIndexPathHeightCache.m */ = {isa = PBXFileReference; fileEncoding = 4; lastKnownFileType = sourcecode.c.objc; path = "UITableView+FDIndexPathHeightCache.m"; sourceTree = "<group>"; };
		1832D19E1D88084800416295 /* UITableView+FDKeyedHeightCache.h */ = {isa = PBXFileReference; fileEncoding = 4; lastKnownFileType = sourcecode.c.h; path = "UITableView+FDKeyedHeightCache.h"; sourceTree = "<group>"; };
		1832D19F1D88084800416295 /* UITableView+FDKeyedHeightCache.m */ = {isa = PBXFileReference; fileEncoding = 4; lastKnownFileType = sourcecode.c.objc; path = "UITableView+FDKeyedHeightCache.m"; sourceTree = "<group>"; };
		1832D1A01D88084800416295 /* UITableView+FDTemplateLayoutCell.h */ = {isa = PBXFileReference; fileEncoding = 4; lastKnownFileType = sourcecode.c.h; path = "UITableView+FDTemplateLayoutCell.h"; sourceTree = "<group>"; };
		1832D1A11D88084800416295 /* UITableView+FDTemplateLayoutCell.m */ = {isa = PBXFileReference; fileEncoding = 4; lastKnownFileType = sourcecode.c.objc; path = "UITableView+FDTemplateLayoutCell.m"; sourceTree = "<group>"; };
		1832D1A21D88084800416295 /* UITableView+FDTemplateLayoutCellDebug.h */ = {isa = PBXFileReference; fileEncoding = 4; lastKnownFileType = sourcecode.c.h; path = "UITableView+FDTemplateLayoutCellDebug.h"; sourceTree = "<group>"; };
		1832D1A31D88084800416295 /* UITableView+FDTemplateLayoutCellDebug.m */ = {isa = PBXFileReference; fileEncoding = 4; lastKnownFileType = sourcecode.c.objc; path = "UITableView+FDTemplateLayoutCellDebug.m"; sourceTree = "<group>"; };
		1850665A1D7FE80600393706 /* Floral.app */ = {isa = PBXFileReference; explicitFileType = wrapper.application; includeInIndex = 0; path = Floral.app; sourceTree = BUILT_PRODUCTS_DIR; };
		1850665D1D7FE80600393706 /* AppDelegate.swift */ = {isa = PBXFileReference; lastKnownFileType = sourcecode.swift; path = AppDelegate.swift; sourceTree = "<group>"; };
		1850665F1D7FE80600393706 /* ViewController.swift */ = {isa = PBXFileReference; lastKnownFileType = sourcecode.swift; path = ViewController.swift; sourceTree = "<group>"; };
		185066621D7FE80600393706 /* Base */ = {isa = PBXFileReference; lastKnownFileType = file.storyboard; name = Base; path = Base.lproj/Main.storyboard; sourceTree = "<group>"; };
		185066651D7FE80600393706 /* Floral.xcdatamodel */ = {isa = PBXFileReference; lastKnownFileType = wrapper.xcdatamodel; path = Floral.xcdatamodel; sourceTree = "<group>"; };
		185066671D7FE80600393706 /* Assets.xcassets */ = {isa = PBXFileReference; lastKnownFileType = folder.assetcatalog; path = Assets.xcassets; sourceTree = "<group>"; };
		1850666A1D7FE80600393706 /* Base */ = {isa = PBXFileReference; lastKnownFileType = file.storyboard; name = Base; path = Base.lproj/LaunchScreen.storyboard; sourceTree = "<group>"; };
		1850666C1D7FE80600393706 /* Info.plist */ = {isa = PBXFileReference; lastKnownFileType = text.plist.xml; path = Info.plist; sourceTree = "<group>"; };
		185066711D7FE80600393706 /* FloralTests.xctest */ = {isa = PBXFileReference; explicitFileType = wrapper.cfbundle; includeInIndex = 0; path = FloralTests.xctest; sourceTree = BUILT_PRODUCTS_DIR; };
		185066751D7FE80600393706 /* FloralTests.swift */ = {isa = PBXFileReference; lastKnownFileType = sourcecode.swift; path = FloralTests.swift; sourceTree = "<group>"; };
		185066771D7FE80600393706 /* Info.plist */ = {isa = PBXFileReference; lastKnownFileType = text.plist.xml; path = Info.plist; sourceTree = "<group>"; };
		1850667C1D7FE80600393706 /* FloralUITests.xctest */ = {isa = PBXFileReference; explicitFileType = wrapper.cfbundle; includeInIndex = 0; path = FloralUITests.xctest; sourceTree = BUILT_PRODUCTS_DIR; };
		185066801D7FE80600393706 /* FloralUITests.swift */ = {isa = PBXFileReference; lastKnownFileType = sourcecode.swift; path = FloralUITests.swift; sourceTree = "<group>"; };
		185066821D7FE80600393706 /* Info.plist */ = {isa = PBXFileReference; lastKnownFileType = text.plist.xml; path = Info.plist; sourceTree = "<group>"; };
		1850669F1D7FE9F200393706 /* CODE BOLD.OTF */ = {isa = PBXFileReference; lastKnownFileType = file; path = "CODE BOLD.OTF"; sourceTree = "<group>"; };
		185066A01D7FE9F200393706 /* CODE LIGHT.OTF */ = {isa = PBXFileReference; lastKnownFileType = file; path = "CODE LIGHT.OTF"; sourceTree = "<group>"; };
		185066A11D7FE9F200393706 /* FZXQJW_0.TTF */ = {isa = PBXFileReference; lastKnownFileType = file; path = FZXQJW_0.TTF; sourceTree = "<group>"; };
		185066A21D7FE9F200393706 /* 方正兰亭纤黑简体.TTF */ = {isa = PBXFileReference; lastKnownFileType = file; path = "方正兰亭纤黑简体.TTF"; sourceTree = "<group>"; };
		185066FE1D7FE9F200393706 /* city.plist */ = {isa = PBXFileReference; lastKnownFileType = file.bplist; path = city.plist; sourceTree = "<group>"; };
		185066FF1D7FE9F200393706 /* province.plist */ = {isa = PBXFileReference; lastKnownFileType = file.bplist; path = province.plist; sourceTree = "<group>"; };
		185067671D7FEABE00393706 /* LDTabBarController.swift */ = {isa = PBXFileReference; fileEncoding = 4; lastKnownFileType = sourcecode.swift; path = LDTabBarController.swift; sourceTree = "<group>"; };
		185067691D7FEAD600393706 /* LDNavigationController.swift */ = {isa = PBXFileReference; fileEncoding = 4; lastKnownFileType = sourcecode.swift; path = LDNavigationController.swift; sourceTree = "<group>"; };
		1850676B1D7FEAFE00393706 /* LDMeController.swift */ = {isa = PBXFileReference; fileEncoding = 4; lastKnownFileType = sourcecode.swift; path = LDMeController.swift; sourceTree = "<group>"; };
		1850676D1D7FEB1300393706 /* LDCommunityController.swift */ = {isa = PBXFileReference; fileEncoding = 4; lastKnownFileType = sourcecode.swift; path = LDCommunityController.swift; sourceTree = "<group>"; };
		1850676F1D7FEB2400393706 /* LDStoreController.swift */ = {isa = PBXFileReference; fileEncoding = 4; lastKnownFileType = sourcecode.swift; path = LDStoreController.swift; sourceTree = "<group>"; };
		185067711D7FEB3500393706 /* LDSubjectController.swift */ = {isa = PBXFileReference; fileEncoding = 4; lastKnownFileType = sourcecode.swift; path = LDSubjectController.swift; sourceTree = "<group>"; };
		18A0188A1D83B0D600BC807A /* LDSubjectCell.swift */ = {isa = PBXFileReference; fileEncoding = 4; lastKnownFileType = sourcecode.swift; path = LDSubjectCell.swift; sourceTree = "<group>"; };
		18A0188D1D83E16C00BC807A /* LDSubjectModel.swift */ = {isa = PBXFileReference; fileEncoding = 4; lastKnownFileType = sourcecode.swift; path = LDSubjectModel.swift; sourceTree = "<group>"; };
		18A0188F1D83E22900BC807A /* LDAuthorModel.swift */ = {isa = PBXFileReference; fileEncoding = 4; lastKnownFileType = sourcecode.swift; path = LDAuthorModel.swift; sourceTree = "<group>"; };
		18A018911D83E24500BC807A /* LDCategoryModel.swift */ = {isa = PBXFileReference; fileEncoding = 4; lastKnownFileType = sourcecode.swift; path = LDCategoryModel.swift; sourceTree = "<group>"; };
		18A018931D83E4B100BC807A /* LDGoodListModel.swift */ = {isa = PBXFileReference; fileEncoding = 4; lastKnownFileType = sourcecode.swift; path = LDGoodListModel.swift; sourceTree = "<group>"; };
		18CEB9FD1D7FF20C003A8080 /* UIImage+Extension.swift */ = {isa = PBXFileReference; fileEncoding = 4; lastKnownFileType = sourcecode.swift; path = "UIImage+Extension.swift"; sourceTree = "<group>"; };
		18CEB9FF1D7FF7A3003A8080 /* LDNetworkManager.swift */ = {isa = PBXFileReference; fileEncoding = 4; lastKnownFileType = sourcecode.swift; path = LDNetworkManager.swift; sourceTree = "<group>"; };
		18CEBA011D800888003A8080 /* LDTitleScrollView.swift */ = {isa = PBXFileReference; fileEncoding = 4; lastKnownFileType = sourcecode.swift; path = LDTitleScrollView.swift; sourceTree = "<group>"; };
		2DD497BCADC395D4D3C5BC49 /* Pods_Floral.framework */ = {isa = PBXFileReference; explicitFileType = wrapper.framework; includeInIndex = 0; path = Pods_Floral.framework; sourceTree = BUILT_PRODUCTS_DIR; };
		A9CEAAEFBBF15CB119E2C4D3 /* Pods-Floral.release.xcconfig */ = {isa = PBXFileReference; includeInIndex = 1; lastKnownFileType = text.xcconfig; name = "Pods-Floral.release.xcconfig"; path = "Pods/Target Support Files/Pods-Floral/Pods-Floral.release.xcconfig"; sourceTree = "<group>"; };
		CECBF0C52EAE2D26A722CC07 /* Pods-Floral.debug.xcconfig */ = {isa = PBXFileReference; includeInIndex = 1; lastKnownFileType = text.xcconfig; name = "Pods-Floral.debug.xcconfig"; path = "Pods/Target Support Files/Pods-Floral/Pods-Floral.debug.xcconfig"; sourceTree = "<group>"; };
/* End PBXFileReference section */

/* Begin PBXFrameworksBuildPhase section */
		185066571D7FE80600393706 /* Frameworks */ = {
			isa = PBXFrameworksBuildPhase;
			buildActionMask = 2147483647;
			files = (
				763CBA693A4037297C88E27A /* Pods_Floral.framework in Frameworks */,
			);
			runOnlyForDeploymentPostprocessing = 0;
		};
		1850666E1D7FE80600393706 /* Frameworks */ = {
			isa = PBXFrameworksBuildPhase;
			buildActionMask = 2147483647;
			files = (
			);
			runOnlyForDeploymentPostprocessing = 0;
		};
		185066791D7FE80600393706 /* Frameworks */ = {
			isa = PBXFrameworksBuildPhase;
			buildActionMask = 2147483647;
			files = (
			);
			runOnlyForDeploymentPostprocessing = 0;
		};
/* End PBXFrameworksBuildPhase section */

/* Begin PBXGroup section */
		1832D1991D8807F200416295 /* Lib */ = {
			isa = PBXGroup;
			children = (
				1832D19A1D88083C00416295 /* TableView+AutoLayout */,
			);
			path = Lib;
			sourceTree = "<group>";
		};
		1832D19A1D88083C00416295 /* TableView+AutoLayout */ = {
			isa = PBXGroup;
			children = (
				1832D19C1D88084800416295 /* UITableView+FDIndexPathHeightCache.h */,
				1832D19D1D88084800416295 /* UITableView+FDIndexPathHeightCache.m */,
				1832D19E1D88084800416295 /* UITableView+FDKeyedHeightCache.h */,
				1832D19F1D88084800416295 /* UITableView+FDKeyedHeightCache.m */,
				1832D1A01D88084800416295 /* UITableView+FDTemplateLayoutCell.h */,
				1832D1A11D88084800416295 /* UITableView+FDTemplateLayoutCell.m */,
				1832D1A21D88084800416295 /* UITableView+FDTemplateLayoutCellDebug.h */,
				1832D1A31D88084800416295 /* UITableView+FDTemplateLayoutCellDebug.m */,
				1832D19B1D88084800416295 /* Floral-Bridging-Header.h */,
			);
			path = "TableView+AutoLayout";
			sourceTree = "<group>";
		};
		185066511D7FE80600393706 = {
			isa = PBXGroup;
			children = (
				1850665C1D7FE80600393706 /* Floral */,
				185066741D7FE80600393706 /* FloralTests */,
				1850667F1D7FE80600393706 /* FloralUITests */,
				1850665B1D7FE80600393706 /* Products */,
				D8FA02CAB3628B05C85CFD50 /* Pods */,
				7A49AE6B40442FCF8F9C51ED /* Frameworks */,
			);
			sourceTree = "<group>";
		};
		1850665B1D7FE80600393706 /* Products */ = {
			isa = PBXGroup;
			children = (
				1850665A1D7FE80600393706 /* Floral.app */,
				185066711D7FE80600393706 /* FloralTests.xctest */,
				1850667C1D7FE80600393706 /* FloralUITests.xctest */,
			);
			name = Products;
			sourceTree = "<group>";
		};
		1850665C1D7FE80600393706 /* Floral */ = {
			isa = PBXGroup;
			children = (
				1850668E1D7FE9F200393706 /* Classes */,
				1850665D1D7FE80600393706 /* AppDelegate.swift */,
				1850665F1D7FE80600393706 /* ViewController.swift */,
				185066611D7FE80600393706 /* Main.storyboard */,
				185066671D7FE80600393706 /* Assets.xcassets */,
				185066691D7FE80600393706 /* LaunchScreen.storyboard */,
				1850666C1D7FE80600393706 /* Info.plist */,
				185066641D7FE80600393706 /* Floral.xcdatamodeld */,
			);
			path = Floral;
			sourceTree = "<group>";
		};
		185066741D7FE80600393706 /* FloralTests */ = {
			isa = PBXGroup;
			children = (
				185066751D7FE80600393706 /* FloralTests.swift */,
				185066771D7FE80600393706 /* Info.plist */,
			);
			path = FloralTests;
			sourceTree = "<group>";
		};
		1850667F1D7FE80600393706 /* FloralUITests */ = {
			isa = PBXGroup;
			children = (
				185066801D7FE80600393706 /* FloralUITests.swift */,
				185066821D7FE80600393706 /* Info.plist */,
			);
			path = FloralUITests;
			sourceTree = "<group>";
		};
		1850668E1D7FE9F200393706 /* Classes */ = {
			isa = PBXGroup;
			children = (
				185066931D7FE9F200393706 /* Main */,
				185067051D7FE9F200393706 /* Subject */,
				1850668F1D7FE9F200393706 /* Community */,
				185067011D7FE9F200393706 /* Store */,
				185066971D7FE9F200393706 /* Me */,
				1850669B1D7FE9F200393706 /* Other */,
			);
			path = Classes;
			sourceTree = "<group>";
		};
		1850668F1D7FE9F200393706 /* Community */ = {
			isa = PBXGroup;
			children = (
				185066901D7FE9F200393706 /* Controller */,
				185066911D7FE9F200393706 /* Model */,
				185066921D7FE9F200393706 /* View */,
			);
			path = Community;
			sourceTree = "<group>";
		};
		185066901D7FE9F200393706 /* Controller */ = {
			isa = PBXGroup;
			children = (
				1850676D1D7FEB1300393706 /* LDCommunityController.swift */,
			);
			path = Controller;
			sourceTree = "<group>";
		};
		185066911D7FE9F200393706 /* Model */ = {
			isa = PBXGroup;
			children = (
			);
			path = Model;
			sourceTree = "<group>";
		};
		185066921D7FE9F200393706 /* View */ = {
			isa = PBXGroup;
			children = (
			);
			path = View;
			sourceTree = "<group>";
		};
		185066931D7FE9F200393706 /* Main */ = {
			isa = PBXGroup;
			children = (
				185066941D7FE9F200393706 /* Controller */,
				185066951D7FE9F200393706 /* Model */,
				185066961D7FE9F200393706 /* View */,
			);
			path = Main;
			sourceTree = "<group>";
		};
		185066941D7FE9F200393706 /* Controller */ = {
			isa = PBXGroup;
			children = (
				185067671D7FEABE00393706 /* LDTabBarController.swift */,
				185067691D7FEAD600393706 /* LDNavigationController.swift */,
			);
			path = Controller;
			sourceTree = "<group>";
		};
		185066951D7FE9F200393706 /* Model */ = {
			isa = PBXGroup;
			children = (
			);
			path = Model;
			sourceTree = "<group>";
		};
		185066961D7FE9F200393706 /* View */ = {
			isa = PBXGroup;
			children = (
			);
			path = View;
			sourceTree = "<group>";
		};
		185066971D7FE9F200393706 /* Me */ = {
			isa = PBXGroup;
			children = (
				185066981D7FE9F200393706 /* Controller */,
				185066991D7FE9F200393706 /* Model */,
				1850669A1D7FE9F200393706 /* View */,
			);
			path = Me;
			sourceTree = "<group>";
		};
		185066981D7FE9F200393706 /* Controller */ = {
			isa = PBXGroup;
			children = (
				1850676B1D7FEAFE00393706 /* LDMeController.swift */,
			);
			path = Controller;
			sourceTree = "<group>";
		};
		185066991D7FE9F200393706 /* Model */ = {
			isa = PBXGroup;
			children = (
			);
			path = Model;
			sourceTree = "<group>";
		};
		1850669A1D7FE9F200393706 /* View */ = {
			isa = PBXGroup;
			children = (
			);
			path = View;
			sourceTree = "<group>";
		};
		1850669B1D7FE9F200393706 /* Other */ = {
			isa = PBXGroup;
			children = (
				1832D1991D8807F200416295 /* Lib */,
				1850669C1D7FE9F200393706 /* Category */,
				1850669D1D7FE9F200393706 /* Resources */,
				185067001D7FE9F200393706 /* Tools */,
			);
			path = Other;
			sourceTree = "<group>";
		};
		1850669C1D7FE9F200393706 /* Category */ = {
			isa = PBXGroup;
			children = (
				18CEB9FD1D7FF20C003A8080 /* UIImage+Extension.swift */,
				1832D1971D87F63100416295 /* UIButton+Extension.swift */,
			);
			path = Category;
			sourceTree = "<group>";
		};
		1850669D1D7FE9F200393706 /* Resources */ = {
			isa = PBXGroup;
			children = (
				1850669E1D7FE9F200393706 /* Font */,
				185066FC1D7FE9F200393706 /* JS */,
				185066FD1D7FE9F200393706 /* Plist */,
			);
			path = Resources;
			sourceTree = "<group>";
		};
		1850669E1D7FE9F200393706 /* Font */ = {
			isa = PBXGroup;
			children = (
				1850669F1D7FE9F200393706 /* CODE BOLD.OTF */,
				185066A01D7FE9F200393706 /* CODE LIGHT.OTF */,
				185066A11D7FE9F200393706 /* FZXQJW_0.TTF */,
				185066A21D7FE9F200393706 /* 方正兰亭纤黑简体.TTF */,
			);
			path = Font;
			sourceTree = "<group>";
		};
		185066FC1D7FE9F200393706 /* JS */ = {
			isa = PBXGroup;
			children = (
			);
			path = JS;
			sourceTree = "<group>";
		};
		185066FD1D7FE9F200393706 /* Plist */ = {
			isa = PBXGroup;
			children = (
				185066FE1D7FE9F200393706 /* city.plist */,
				185066FF1D7FE9F200393706 /* province.plist */,
			);
			path = Plist;
			sourceTree = "<group>";
		};
		185067001D7FE9F200393706 /* Tools */ = {
			isa = PBXGroup;
			children = (
				18CEB9FF1D7FF7A3003A8080 /* LDNetworkManager.swift */,
			);
			path = Tools;
			sourceTree = "<group>";
		};
		185067011D7FE9F200393706 /* Store */ = {
			isa = PBXGroup;
			children = (
				185067021D7FE9F200393706 /* Controller */,
				185067031D7FE9F200393706 /* Model */,
				185067041D7FE9F200393706 /* View */,
			);
			path = Store;
			sourceTree = "<group>";
		};
		185067021D7FE9F200393706 /* Controller */ = {
			isa = PBXGroup;
			children = (
				1850676F1D7FEB2400393706 /* LDStoreController.swift */,
			);
			path = Controller;
			sourceTree = "<group>";
		};
		185067031D7FE9F200393706 /* Model */ = {
			isa = PBXGroup;
			children = (
			);
			path = Model;
			sourceTree = "<group>";
		};
		185067041D7FE9F200393706 /* View */ = {
			isa = PBXGroup;
			children = (
			);
			path = View;
			sourceTree = "<group>";
		};
		185067051D7FE9F200393706 /* Subject */ = {
			isa = PBXGroup;
			children = (
				185067061D7FE9F200393706 /* Controller */,
				185067071D7FE9F200393706 /* Model */,
				185067081D7FE9F200393706 /* View */,
			);
			path = Subject;
			sourceTree = "<group>";
		};
		185067061D7FE9F200393706 /* Controller */ = {
			isa = PBXGroup;
			children = (
				185067711D7FEB3500393706 /* LDSubjectController.swift */,
			);
			path = Controller;
			sourceTree = "<group>";
		};
		185067071D7FE9F200393706 /* Model */ = {
			isa = PBXGroup;
			children = (
				18A0188D1D83E16C00BC807A /* LDSubjectModel.swift */,
				18A0188F1D83E22900BC807A /* LDAuthorModel.swift */,
				18A018911D83E24500BC807A /* LDCategoryModel.swift */,
				18A018931D83E4B100BC807A /* LDGoodListModel.swift */,
			);
			path = Model;
			sourceTree = "<group>";
		};
		185067081D7FE9F200393706 /* View */ = {
			isa = PBXGroup;
			children = (
				18CEBA011D800888003A8080 /* LDTitleScrollView.swift */,
				18A0188A1D83B0D600BC807A /* LDSubjectCell.swift */,
				1832D1951D87F49100416295 /* LDSubjectBottomView.swift */,
			);
			path = View;
			sourceTree = "<group>";
		};
		7A49AE6B40442FCF8F9C51ED /* Frameworks */ = {
			isa = PBXGroup;
			children = (
				2DD497BCADC395D4D3C5BC49 /* Pods_Floral.framework */,
			);
			name = Frameworks;
			sourceTree = "<group>";
		};
		D8FA02CAB3628B05C85CFD50 /* Pods */ = {
			isa = PBXGroup;
			children = (
				CECBF0C52EAE2D26A722CC07 /* Pods-Floral.debug.xcconfig */,
				A9CEAAEFBBF15CB119E2C4D3 /* Pods-Floral.release.xcconfig */,
			);
			name = Pods;
			sourceTree = "<group>";
		};
/* End PBXGroup section */

/* Begin PBXNativeTarget section */
		185066591D7FE80600393706 /* Floral */ = {
			isa = PBXNativeTarget;
			buildConfigurationList = 185066851D7FE80600393706 /* Build configuration list for PBXNativeTarget "Floral" */;
			buildPhases = (
				AE9E522DAB9068A4B4E1E6D6 /* [CP] Check Pods Manifest.lock */,
				185066561D7FE80600393706 /* Sources */,
				185066571D7FE80600393706 /* Frameworks */,
				185066581D7FE80600393706 /* Resources */,
				4B8135F089711C9A06313337 /* [CP] Embed Pods Frameworks */,
				80CED44071CD73C292EC4D16 /* [CP] Copy Pods Resources */,
			);
			buildRules = (
			);
			dependencies = (
			);
			name = Floral;
			productName = Floral;
			productReference = 1850665A1D7FE80600393706 /* Floral.app */;
			productType = "com.apple.product-type.application";
		};
		185066701D7FE80600393706 /* FloralTests */ = {
			isa = PBXNativeTarget;
			buildConfigurationList = 185066881D7FE80600393706 /* Build configuration list for PBXNativeTarget "FloralTests" */;
			buildPhases = (
				1850666D1D7FE80600393706 /* Sources */,
				1850666E1D7FE80600393706 /* Frameworks */,
				1850666F1D7FE80600393706 /* Resources */,
			);
			buildRules = (
			);
			dependencies = (
				185066731D7FE80600393706 /* PBXTargetDependency */,
			);
			name = FloralTests;
			productName = FloralTests;
			productReference = 185066711D7FE80600393706 /* FloralTests.xctest */;
			productType = "com.apple.product-type.bundle.unit-test";
		};
		1850667B1D7FE80600393706 /* FloralUITests */ = {
			isa = PBXNativeTarget;
			buildConfigurationList = 1850668B1D7FE80600393706 /* Build configuration list for PBXNativeTarget "FloralUITests" */;
			buildPhases = (
				185066781D7FE80600393706 /* Sources */,
				185066791D7FE80600393706 /* Frameworks */,
				1850667A1D7FE80600393706 /* Resources */,
			);
			buildRules = (
			);
			dependencies = (
				1850667E1D7FE80600393706 /* PBXTargetDependency */,
			);
			name = FloralUITests;
			productName = FloralUITests;
			productReference = 1850667C1D7FE80600393706 /* FloralUITests.xctest */;
			productType = "com.apple.product-type.bundle.ui-testing";
		};
/* End PBXNativeTarget section */

/* Begin PBXProject section */
		185066521D7FE80600393706 /* Project object */ = {
			isa = PBXProject;
			attributes = {
				CLASSPREFIX = LD;
				LastSwiftUpdateCheck = 0730;
				LastUpgradeCheck = 0730;
				ORGANIZATIONNAME = xfsrn;
				TargetAttributes = {
					185066591D7FE80600393706 = {
						CreatedOnToolsVersion = 7.3.1;
						DevelopmentTeam = 6GX73NTZ4L;
					};
					185066701D7FE80600393706 = {
						CreatedOnToolsVersion = 7.3.1;
						DevelopmentTeam = 6GX73NTZ4L;
						TestTargetID = 185066591D7FE80600393706;
					};
					1850667B1D7FE80600393706 = {
						CreatedOnToolsVersion = 7.3.1;
						DevelopmentTeam = 6GX73NTZ4L;
						TestTargetID = 185066591D7FE80600393706;
					};
				};
			};
			buildConfigurationList = 185066551D7FE80600393706 /* Build configuration list for PBXProject "Floral" */;
			compatibilityVersion = "Xcode 3.2";
			developmentRegion = English;
			hasScannedForEncodings = 0;
			knownRegions = (
				en,
				Base,
			);
			mainGroup = 185066511D7FE80600393706;
			productRefGroup = 1850665B1D7FE80600393706 /* Products */;
			projectDirPath = "";
			projectRoot = "";
			targets = (
				185066591D7FE80600393706 /* Floral */,
				185066701D7FE80600393706 /* FloralTests */,
				1850667B1D7FE80600393706 /* FloralUITests */,
			);
		};
/* End PBXProject section */

/* Begin PBXResourcesBuildPhase section */
		185066581D7FE80600393706 /* Resources */ = {
			isa = PBXResourcesBuildPhase;
			buildActionMask = 2147483647;
			files = (
				185067091D7FE9F200393706 /* CODE BOLD.OTF in Resources */,
				1850666B1D7FE80600393706 /* LaunchScreen.storyboard in Resources */,
				1850670A1D7FE9F200393706 /* CODE LIGHT.OTF in Resources */,
				185066681D7FE80600393706 /* Assets.xcassets in Resources */,
				1850670C1D7FE9F200393706 /* 方正兰亭纤黑简体.TTF in Resources */,
				185066631D7FE80600393706 /* Main.storyboard in Resources */,
				185067661D7FE9F200393706 /* province.plist in Resources */,
				1850670B1D7FE9F200393706 /* FZXQJW_0.TTF in Resources */,
				185067651D7FE9F200393706 /* city.plist in Resources */,
			);
			runOnlyForDeploymentPostprocessing = 0;
		};
		1850666F1D7FE80600393706 /* Resources */ = {
			isa = PBXResourcesBuildPhase;
			buildActionMask = 2147483647;
			files = (
			);
			runOnlyForDeploymentPostprocessing = 0;
		};
		1850667A1D7FE80600393706 /* Resources */ = {
			isa = PBXResourcesBuildPhase;
			buildActionMask = 2147483647;
			files = (
			);
			runOnlyForDeploymentPostprocessing = 0;
		};
/* End PBXResourcesBuildPhase section */

/* Begin PBXShellScriptBuildPhase section */
		4B8135F089711C9A06313337 /* [CP] Embed Pods Frameworks */ = {
			isa = PBXShellScriptBuildPhase;
			buildActionMask = 2147483647;
			files = (
			);
			inputPaths = (
			);
			name = "[CP] Embed Pods Frameworks";
			outputPaths = (
			);
			runOnlyForDeploymentPostprocessing = 0;
			shellPath = /bin/sh;
			shellScript = "\"${SRCROOT}/Pods/Target Support Files/Pods-Floral/Pods-Floral-frameworks.sh\"\n";
			showEnvVarsInLog = 0;
		};
		80CED44071CD73C292EC4D16 /* [CP] Copy Pods Resources */ = {
			isa = PBXShellScriptBuildPhase;
			buildActionMask = 2147483647;
			files = (
			);
			inputPaths = (
			);
			name = "[CP] Copy Pods Resources";
			outputPaths = (
			);
			runOnlyForDeploymentPostprocessing = 0;
			shellPath = /bin/sh;
			shellScript = "\"${SRCROOT}/Pods/Target Support Files/Pods-Floral/Pods-Floral-resources.sh\"\n";
			showEnvVarsInLog = 0;
		};
		AE9E522DAB9068A4B4E1E6D6 /* [CP] Check Pods Manifest.lock */ = {
			isa = PBXShellScriptBuildPhase;
			buildActionMask = 2147483647;
			files = (
			);
			inputPaths = (
			);
			name = "[CP] Check Pods Manifest.lock";
			outputPaths = (
			);
			runOnlyForDeploymentPostprocessing = 0;
			shellPath = /bin/sh;
			shellScript = "diff \"${PODS_ROOT}/../Podfile.lock\" \"${PODS_ROOT}/Manifest.lock\" > /dev/null\nif [[ $? != 0 ]] ; then\n    cat << EOM\nerror: The sandbox is not in sync with the Podfile.lock. Run 'pod install' or update your CocoaPods installation.\nEOM\n    exit 1\nfi\n";
			showEnvVarsInLog = 0;
		};
/* End PBXShellScriptBuildPhase section */

/* Begin PBXSourcesBuildPhase section */
		185066561D7FE80600393706 /* Sources */ = {
			isa = PBXSourcesBuildPhase;
			buildActionMask = 2147483647;
			files = (
				185066601D7FE80600393706 /* ViewController.swift in Sources */,
				1850665E1D7FE80600393706 /* AppDelegate.swift in Sources */,
				1850676E1D7FEB1300393706 /* LDCommunityController.swift in Sources */,
				1832D1A41D88084800416295 /* UITableView+FDIndexPathHeightCache.m in Sources */,
				185067701D7FEB2400393706 /* LDStoreController.swift in Sources */,
				1832D1981D87F63100416295 /* UIButton+Extension.swift in Sources */,
				18A018901D83E22900BC807A /* LDAuthorModel.swift in Sources */,
				185067721D7FEB3500393706 /* LDSubjectController.swift in Sources */,
				185066661D7FE80600393706 /* Floral.xcdatamodeld in Sources */,
				1850676C1D7FEAFE00393706 /* LDMeController.swift in Sources */,
				18CEB9FE1D7FF20C003A8080 /* UIImage+Extension.swift in Sources */,
				18CEBA001D7FF7A3003A8080 /* LDNetworkManager.swift in Sources */,
				1832D1A51D88084800416295 /* UITableView+FDKeyedHeightCache.m in Sources */,
				185067681D7FEABE00393706 /* LDTabBarController.swift in Sources */,
				18CEBA021D800888003A8080 /* LDTitleScrollView.swift in Sources */,
				18A0188B1D83B0D600BC807A /* LDSubjectCell.swift in Sources */,
				18A0188E1D83E16C00BC807A /* LDSubjectModel.swift in Sources */,
				1832D1A61D88084800416295 /* UITableView+FDTemplateLayoutCell.m in Sources */,
				1832D1961D87F49100416295 /* LDSubjectBottomView.swift in Sources */,
				1832D1A71D88084800416295 /* UITableView+FDTemplateLayoutCellDebug.m in Sources */,
				18A018941D83E4B100BC807A /* LDGoodListModel.swift in Sources */,
				1850676A1D7FEAD600393706 /* LDNavigationController.swift in Sources */,
				18A018921D83E24500BC807A /* LDCategoryModel.swift in Sources */,
			);
			runOnlyForDeploymentPostprocessing = 0;
		};
		1850666D1D7FE80600393706 /* Sources */ = {
			isa = PBXSourcesBuildPhase;
			buildActionMask = 2147483647;
			files = (
				185066761D7FE80600393706 /* FloralTests.swift in Sources */,
			);
			runOnlyForDeploymentPostprocessing = 0;
		};
		185066781D7FE80600393706 /* Sources */ = {
			isa = PBXSourcesBuildPhase;
			buildActionMask = 2147483647;
			files = (
				185066811D7FE80600393706 /* FloralUITests.swift in Sources */,
			);
			runOnlyForDeploymentPostprocessing = 0;
		};
/* End PBXSourcesBuildPhase section */

/* Begin PBXTargetDependency section */
		185066731D7FE80600393706 /* PBXTargetDependency */ = {
			isa = PBXTargetDependency;
			target = 185066591D7FE80600393706 /* Floral */;
			targetProxy = 185066721D7FE80600393706 /* PBXContainerItemProxy */;
		};
		1850667E1D7FE80600393706 /* PBXTargetDependency */ = {
			isa = PBXTargetDependency;
			target = 185066591D7FE80600393706 /* Floral */;
			targetProxy = 1850667D1D7FE80600393706 /* PBXContainerItemProxy */;
		};
/* End PBXTargetDependency section */

/* Begin PBXVariantGroup section */
		185066611D7FE80600393706 /* Main.storyboard */ = {
			isa = PBXVariantGroup;
			children = (
				185066621D7FE80600393706 /* Base */,
			);
			name = Main.storyboard;
			sourceTree = "<group>";
		};
		185066691D7FE80600393706 /* LaunchScreen.storyboard */ = {
			isa = PBXVariantGroup;
			children = (
				1850666A1D7FE80600393706 /* Base */,
			);
			name = LaunchScreen.storyboard;
			sourceTree = "<group>";
		};
/* End PBXVariantGroup section */

/* Begin XCBuildConfiguration section */
		185066831D7FE80600393706 /* Debug */ = {
			isa = XCBuildConfiguration;
			buildSettings = {
				ALWAYS_SEARCH_USER_PATHS = NO;
				CLANG_ANALYZER_NONNULL = YES;
				CLANG_CXX_LANGUAGE_STANDARD = "gnu++0x";
				CLANG_CXX_LIBRARY = "libc++";
				CLANG_ENABLE_MODULES = YES;
				CLANG_ENABLE_OBJC_ARC = YES;
				CLANG_WARN_BOOL_CONVERSION = YES;
				CLANG_WARN_CONSTANT_CONVERSION = YES;
				CLANG_WARN_DIRECT_OBJC_ISA_USAGE = YES_ERROR;
				CLANG_WARN_EMPTY_BODY = YES;
				CLANG_WARN_ENUM_CONVERSION = YES;
				CLANG_WARN_INT_CONVERSION = YES;
				CLANG_WARN_OBJC_ROOT_CLASS = YES_ERROR;
				CLANG_WARN_UNREACHABLE_CODE = YES;
				CLANG_WARN__DUPLICATE_METHOD_MATCH = YES;
				"CODE_SIGN_IDENTITY[sdk=iphoneos*]" = "iPhone Developer";
				COPY_PHASE_STRIP = NO;
				DEBUG_INFORMATION_FORMAT = dwarf;
				ENABLE_STRICT_OBJC_MSGSEND = YES;
				ENABLE_TESTABILITY = YES;
				GCC_C_LANGUAGE_STANDARD = gnu99;
				GCC_DYNAMIC_NO_PIC = NO;
				GCC_NO_COMMON_BLOCKS = YES;
				GCC_OPTIMIZATION_LEVEL = 0;
				GCC_PREPROCESSOR_DEFINITIONS = (
					"DEBUG=1",
					"$(inherited)",
				);
				GCC_WARN_64_TO_32_BIT_CONVERSION = YES;
				GCC_WARN_ABOUT_RETURN_TYPE = YES_ERROR;
				GCC_WARN_UNDECLARED_SELECTOR = YES;
				GCC_WARN_UNINITIALIZED_AUTOS = YES_AGGRESSIVE;
				GCC_WARN_UNUSED_FUNCTION = YES;
				GCC_WARN_UNUSED_VARIABLE = YES;
				IPHONEOS_DEPLOYMENT_TARGET = 8.0;
				MTL_ENABLE_DEBUG_INFO = YES;
				ONLY_ACTIVE_ARCH = YES;
				SDKROOT = iphoneos;
				SWIFT_OPTIMIZATION_LEVEL = "-Onone";
			};
			name = Debug;
		};
		185066841D7FE80600393706 /* Release */ = {
			isa = XCBuildConfiguration;
			buildSettings = {
				ALWAYS_SEARCH_USER_PATHS = NO;
				CLANG_ANALYZER_NONNULL = YES;
				CLANG_CXX_LANGUAGE_STANDARD = "gnu++0x";
				CLANG_CXX_LIBRARY = "libc++";
				CLANG_ENABLE_MODULES = YES;
				CLANG_ENABLE_OBJC_ARC = YES;
				CLANG_WARN_BOOL_CONVERSION = YES;
				CLANG_WARN_CONSTANT_CONVERSION = YES;
				CLANG_WARN_DIRECT_OBJC_ISA_USAGE = YES_ERROR;
				CLANG_WARN_EMPTY_BODY = YES;
				CLANG_WARN_ENUM_CONVERSION = YES;
				CLANG_WARN_INT_CONVERSION = YES;
				CLANG_WARN_OBJC_ROOT_CLASS = YES_ERROR;
				CLANG_WARN_UNREACHABLE_CODE = YES;
				CLANG_WARN__DUPLICATE_METHOD_MATCH = YES;
				"CODE_SIGN_IDENTITY[sdk=iphoneos*]" = "iPhone Developer";
				COPY_PHASE_STRIP = NO;
				DEBUG_INFORMATION_FORMAT = "dwarf-with-dsym";
				ENABLE_NS_ASSERTIONS = NO;
				ENABLE_STRICT_OBJC_MSGSEND = YES;
				GCC_C_LANGUAGE_STANDARD = gnu99;
				GCC_NO_COMMON_BLOCKS = YES;
				GCC_WARN_64_TO_32_BIT_CONVERSION = YES;
				GCC_WARN_ABOUT_RETURN_TYPE = YES_ERROR;
				GCC_WARN_UNDECLARED_SELECTOR = YES;
				GCC_WARN_UNINITIALIZED_AUTOS = YES_AGGRESSIVE;
				GCC_WARN_UNUSED_FUNCTION = YES;
				GCC_WARN_UNUSED_VARIABLE = YES;
				IPHONEOS_DEPLOYMENT_TARGET = 8.0;
				MTL_ENABLE_DEBUG_INFO = NO;
				SDKROOT = iphoneos;
				VALIDATE_PRODUCT = YES;
			};
			name = Release;
		};
		185066861D7FE80600393706 /* Debug */ = {
			isa = XCBuildConfiguration;
			baseConfigurationReference = CECBF0C52EAE2D26A722CC07 /* Pods-Floral.debug.xcconfig */;
			buildSettings = {
				ASSETCATALOG_COMPILER_APPICON_NAME = AppIcon;
				ASSETCATALOG_COMPILER_LAUNCHIMAGE_NAME = "Brand Assets";
				CLANG_ENABLE_MODULES = YES;
				INFOPLIST_FILE = Floral/Info.plist;
				LD_RUNPATH_SEARCH_PATHS = "$(inherited) @executable_path/Frameworks";
				PRODUCT_BUNDLE_IDENTIFIER = com.xfsrn.www.Floral;
				PRODUCT_NAME = "$(TARGET_NAME)";
				SWIFT_OBJC_BRIDGING_HEADER = "Floral/Classes/Other/Lib/TableView+AutoLayout/Floral-Bridging-Header.h";
				SWIFT_OPTIMIZATION_LEVEL = "-Onone";
				USER_HEADER_SEARCH_PATHS = "$(PODS_ROOT)/**";
			};
			name = Debug;
		};
		185066871D7FE80600393706 /* Release */ = {
			isa = XCBuildConfiguration;
			baseConfigurationReference = A9CEAAEFBBF15CB119E2C4D3 /* Pods-Floral.release.xcconfig */;
			buildSettings = {
				ASSETCATALOG_COMPILER_APPICON_NAME = AppIcon;
				ASSETCATALOG_COMPILER_LAUNCHIMAGE_NAME = "Brand Assets";
				CLANG_ENABLE_MODULES = YES;
				INFOPLIST_FILE = Floral/Info.plist;
				LD_RUNPATH_SEARCH_PATHS = "$(inherited) @executable_path/Frameworks";
				PRODUCT_BUNDLE_IDENTIFIER = com.xfsrn.www.Floral;
				PRODUCT_NAME = "$(TARGET_NAME)";
				SWIFT_OBJC_BRIDGING_HEADER = "Floral/Classes/Other/Lib/TableView+AutoLayout/Floral-Bridging-Header.h";
				USER_HEADER_SEARCH_PATHS = "$(PODS_ROOT)/**";
			};
			name = Release;
		};
		185066891D7FE80600393706 /* Debug */ = {
			isa = XCBuildConfiguration;
			buildSettings = {
				BUNDLE_LOADER = "$(TEST_HOST)";
				INFOPLIST_FILE = FloralTests/Info.plist;
				LD_RUNPATH_SEARCH_PATHS = "$(inherited) @executable_path/Frameworks @loader_path/Frameworks";
				PRODUCT_BUNDLE_IDENTIFIER = com.xfsrn.www.FloralTests;
				PRODUCT_NAME = "$(TARGET_NAME)";
				TEST_HOST = "$(BUILT_PRODUCTS_DIR)/Floral.app/Floral";
			};
			name = Debug;
		};
		1850668A1D7FE80600393706 /* Release */ = {
			isa = XCBuildConfiguration;
			buildSettings = {
				BUNDLE_LOADER = "$(TEST_HOST)";
				INFOPLIST_FILE = FloralTests/Info.plist;
				LD_RUNPATH_SEARCH_PATHS = "$(inherited) @executable_path/Frameworks @loader_path/Frameworks";
				PRODUCT_BUNDLE_IDENTIFIER = com.xfsrn.www.FloralTests;
				PRODUCT_NAME = "$(TARGET_NAME)";
				TEST_HOST = "$(BUILT_PRODUCTS_DIR)/Floral.app/Floral";
			};
			name = Release;
		};
		1850668C1D7FE80600393706 /* Debug */ = {
			isa = XCBuildConfiguration;
			buildSettings = {
				INFOPLIST_FILE = FloralUITests/Info.plist;
				LD_RUNPATH_SEARCH_PATHS = "$(inherited) @executable_path/Frameworks @loader_path/Frameworks";
				PRODUCT_BUNDLE_IDENTIFIER = com.xfsrn.www.FloralUITests;
				PRODUCT_NAME = "$(TARGET_NAME)";
				TEST_TARGET_NAME = Floral;
			};
			name = Debug;
		};
		1850668D1D7FE80600393706 /* Release */ = {
			isa = XCBuildConfiguration;
			buildSettings = {
				INFOPLIST_FILE = FloralUITests/Info.plist;
				LD_RUNPATH_SEARCH_PATHS = "$(inherited) @executable_path/Frameworks @loader_path/Frameworks";
				PRODUCT_BUNDLE_IDENTIFIER = com.xfsrn.www.FloralUITests;
				PRODUCT_NAME = "$(TARGET_NAME)";
				TEST_TARGET_NAME = Floral;
			};
			name = Release;
		};
/* End XCBuildConfiguration section */

/* Begin XCConfigurationList section */
		185066551D7FE80600393706 /* Build configuration list for PBXProject "Floral" */ = {
			isa = XCConfigurationList;
			buildConfigurations = (
				185066831D7FE80600393706 /* Debug */,
				185066841D7FE80600393706 /* Release */,
			);
			defaultConfigurationIsVisible = 0;
			defaultConfigurationName = Release;
		};
		185066851D7FE80600393706 /* Build configuration list for PBXNativeTarget "Floral" */ = {
			isa = XCConfigurationList;
			buildConfigurations = (
				185066861D7FE80600393706 /* Debug */,
				185066871D7FE80600393706 /* Release */,
			);
			defaultConfigurationIsVisible = 0;
			defaultConfigurationName = Release;
		};
		185066881D7FE80600393706 /* Build configuration list for PBXNativeTarget "FloralTests" */ = {
			isa = XCConfigurationList;
			buildConfigurations = (
				185066891D7FE80600393706 /* Debug */,
				1850668A1D7FE80600393706 /* Release */,
			);
			defaultConfigurationIsVisible = 0;
			defaultConfigurationName = Release;
		};
		1850668B1D7FE80600393706 /* Build configuration list for PBXNativeTarget "FloralUITests" */ = {
			isa = XCConfigurationList;
			buildConfigurations = (
				1850668C1D7FE80600393706 /* Debug */,
				1850668D1D7FE80600393706 /* Release */,
			);
			defaultConfigurationIsVisible = 0;
			defaultConfigurationName = Release;
		};
/* End XCConfigurationList section */

/* Begin XCVersionGroup section */
		185066641D7FE80600393706 /* Floral.xcdatamodeld */ = {
			isa = XCVersionGroup;
			children = (
				185066651D7FE80600393706 /* Floral.xcdatamodel */,
			);
			currentVersion = 185066651D7FE80600393706 /* Floral.xcdatamodel */;
			path = Floral.xcdatamodeld;
			sourceTree = "<group>";
			versionGroupType = wrapper.xcdatamodel;
		};
/* End XCVersionGroup section */
	};
	rootObject = 185066521D7FE80600393706 /* Project object */;
}
